// !$*UTF8*$!
{
	archiveVersion = 1;
	classes = {
	};
	objectVersion = 46;
	objects = {

/* Begin PBXBuildFile section */
		D07CF92D1B43C674003CAD7A /* JavaScriptCore.framework in Frameworks */ = {isa = PBXBuildFile; fileRef = D07CF92C1B43C674003CAD7A /* JavaScriptCore.framework */; };
		D08BDA111B412A8400C73757 /* main.m in Sources */ = {isa = PBXBuildFile; fileRef = D08BDA101B412A8400C73757 /* main.m */; };
		D08BDA141B412A8400C73757 /* AppDelegate.m in Sources */ = {isa = PBXBuildFile; fileRef = D08BDA131B412A8400C73757 /* AppDelegate.m */; };
		D08BDA171B412A8400C73757 /* ViewController.m in Sources */ = {isa = PBXBuildFile; fileRef = D08BDA161B412A8400C73757 /* ViewController.m */; };
		D08BDA1A1B412A8400C73757 /* Main.storyboard in Resources */ = {isa = PBXBuildFile; fileRef = D08BDA181B412A8400C73757 /* Main.storyboard */; };
		D08BDA1C1B412A8400C73757 /* Images.xcassets in Resources */ = {isa = PBXBuildFile; fileRef = D08BDA1B1B412A8400C73757 /* Images.xcassets */; };
		D08BDA1F1B412A8400C73757 /* LaunchScreen.xib in Resources */ = {isa = PBXBuildFile; fileRef = D08BDA1D1B412A8400C73757 /* LaunchScreen.xib */; };
		D08BDA5E1B412B5800C73757 /* libicucore.dylib in Frameworks */ = {isa = PBXBuildFile; fileRef = D08BDA5D1B412B5800C73757 /* libicucore.dylib */; };
		D08BDA601B412B5E00C73757 /* libstdc++.dylib in Frameworks */ = {isa = PBXBuildFile; fileRef = D08BDA5F1B412B5E00C73757 /* libstdc++.dylib */; };
		D08BDA621B412B6500C73757 /* libz.dylib in Frameworks */ = {isa = PBXBuildFile; fileRef = D08BDA611B412B6500C73757 /* libz.dylib */; };
		D0CA76BB1B4267A100CFD580 /* AuthListViewController.m in Sources */ = {isa = PBXBuildFile; fileRef = D0CA76BA1B4267A100CFD580 /* AuthListViewController.m */; };
		DE0897AB1E4DB038002BB090 /* MPShareSDK.framework in Frameworks */ = {isa = PBXBuildFile; fileRef = DE0897AA1E4DB038002BB090 /* MPShareSDK.framework */; };
		DE0897AD1E4DB04D002BB090 /* MeiPaiConnector.framework in Frameworks */ = {isa = PBXBuildFile; fileRef = DE0897AC1E4DB04D002BB090 /* MeiPaiConnector.framework */; };
		DE0897AF1E4DB065002BB090 /* YouTubeConnector.framework in Frameworks */ = {isa = PBXBuildFile; fileRef = DE0897AE1E4DB065002BB090 /* YouTubeConnector.framework */; };
		DE0AB5E21DB5FF650007CF77 /* libAPOpenSdk.a in Frameworks */ = {isa = PBXBuildFile; fileRef = DE0AB5E01DB5FF650007CF77 /* libAPOpenSdk.a */; };
		DE0F12EA1B84594C00B6E543 /* Icon-72.png in Resources */ = {isa = PBXBuildFile; fileRef = DE0F12E61B84594C00B6E543 /* Icon-72.png */; };
		DE0F12EB1B84594C00B6E543 /* Icon-72@2x.png in Resources */ = {isa = PBXBuildFile; fileRef = DE0F12E71B84594C00B6E543 /* Icon-72@2x.png */; };
		DE0F12EC1B84594C00B6E543 /* Icon.png in Resources */ = {isa = PBXBuildFile; fileRef = DE0F12E81B84594C00B6E543 /* Icon.png */; };
		DE0F12ED1B84594C00B6E543 /* Icon@2x.png in Resources */ = {isa = PBXBuildFile; fileRef = DE0F12E91B84594C00B6E543 /* Icon@2x.png */; };
		DE11F3301B7F238700C33072 /* CoreMotion.framework in Frameworks */ = {isa = PBXBuildFile; fileRef = DE11F32F1B7F238700C33072 /* CoreMotion.framework */; };
		DE11F3321B7F239800C33072 /* CoreLocation.framework in Frameworks */ = {isa = PBXBuildFile; fileRef = DE11F3311B7F239800C33072 /* CoreLocation.framework */; };
		DE11F3341B7F23AA00C33072 /* MediaPlayer.framework in Frameworks */ = {isa = PBXBuildFile; fileRef = DE11F3331B7F23AA00C33072 /* MediaPlayer.framework */; };
		DE11F3361B7F23CB00C33072 /* AssetsLibrary.framework in Frameworks */ = {isa = PBXBuildFile; fileRef = DE11F3351B7F23CB00C33072 /* AssetsLibrary.framework */; };
		DE11F3381B7F23D800C33072 /* AddressBook.framework in Frameworks */ = {isa = PBXBuildFile; fileRef = DE11F3371B7F23D800C33072 /* AddressBook.framework */; };
		DE11F3401B7F26EC00C33072 /* ImageIO.framework in Frameworks */ = {isa = PBXBuildFile; fileRef = DE11F33F1B7F26EC00C33072 /* ImageIO.framework */; };
		DE2E83DE1B9D6A1800FDE614 /* libsqlite3.dylib in Frameworks */ = {isa = PBXBuildFile; fileRef = DE2E83DD1B9D6A1800FDE614 /* libsqlite3.dylib */; };
		DE3AB27E1DB47DDE00C8787E /* CoreTelephony.framework in Frameworks */ = {isa = PBXBuildFile; fileRef = DE3AB27D1DB47DDE00C8787E /* CoreTelephony.framework */; };
		DE3AB2801DB47DED00C8787E /* SystemConfiguration.framework in Frameworks */ = {isa = PBXBuildFile; fileRef = DE3AB27F1DB47DED00C8787E /* SystemConfiguration.framework */; };
		DE46B2BC1E237E45003B44C1 /* DingTalkConnector.framework in Frameworks */ = {isa = PBXBuildFile; fileRef = DE46B2BB1E237E45003B44C1 /* DingTalkConnector.framework */; };
		DE5B18EC1E23466E001B921F /* DTShareKit.framework in Frameworks */ = {isa = PBXBuildFile; fileRef = DE5B18EB1E23466E001B921F /* DTShareKit.framework */; };
		DE79434A1B58B99F00D266E8 /* Default-568h@2x.png in Resources */ = {isa = PBXBuildFile; fileRef = DE7943471B58B99F00D266E8 /* Default-568h@2x.png */; };
		DE79434B1B58B99F00D266E8 /* Default.png in Resources */ = {isa = PBXBuildFile; fileRef = DE7943481B58B99F00D266E8 /* Default.png */; };
		DE79434C1B58B99F00D266E8 /* Default@2x.png in Resources */ = {isa = PBXBuildFile; fileRef = DE7943491B58B99F00D266E8 /* Default@2x.png */; };
		DE93BF5A1DB0E315005549C6 /* AliPayConnector.framework in Frameworks */ = {isa = PBXBuildFile; fileRef = DE93BF471DB0E315005549C6 /* AliPayConnector.framework */; };
		DE93BF5B1DB0E315005549C6 /* CopyConnector.framework in Frameworks */ = {isa = PBXBuildFile; fileRef = DE93BF481DB0E315005549C6 /* CopyConnector.framework */; };
		DE93BF5D1DB0E315005549C6 /* EvernoteConnector.framework in Frameworks */ = {isa = PBXBuildFile; fileRef = DE93BF4A1DB0E315005549C6 /* EvernoteConnector.framework */; };
		DE93BF5E1DB0E315005549C6 /* FacebookConnector.framework in Frameworks */ = {isa = PBXBuildFile; fileRef = DE93BF4B1DB0E315005549C6 /* FacebookConnector.framework */; };
		DE93BF5F1DB0E315005549C6 /* GooglePlusConnector.framework in Frameworks */ = {isa = PBXBuildFile; fileRef = DE93BF4C1DB0E315005549C6 /* GooglePlusConnector.framework */; };
		DE93BF601DB0E315005549C6 /* InstagramConnector.framework in Frameworks */ = {isa = PBXBuildFile; fileRef = DE93BF4D1DB0E315005549C6 /* InstagramConnector.framework */; };
		DE93BF611DB0E315005549C6 /* InstapaperConnector.framework in Frameworks */ = {isa = PBXBuildFile; fileRef = DE93BF4E1DB0E315005549C6 /* InstapaperConnector.framework */; };
		DE93BF621DB0E315005549C6 /* KakaoConnector.framework in Frameworks */ = {isa = PBXBuildFile; fileRef = DE93BF4F1DB0E315005549C6 /* KakaoConnector.framework */; };
		DE93BF631DB0E315005549C6 /* LineConnector.framework in Frameworks */ = {isa = PBXBuildFile; fileRef = DE93BF501DB0E315005549C6 /* LineConnector.framework */; };
		DE93BF641DB0E315005549C6 /* MailConnector.framework in Frameworks */ = {isa = PBXBuildFile; fileRef = DE93BF511DB0E315005549C6 /* MailConnector.framework */; };
		DE93BF651DB0E315005549C6 /* PrintConnector.framework in Frameworks */ = {isa = PBXBuildFile; fileRef = DE93BF521DB0E315005549C6 /* PrintConnector.framework */; };
		DE93BF661DB0E315005549C6 /* QQConnector.framework in Frameworks */ = {isa = PBXBuildFile; fileRef = DE93BF531DB0E315005549C6 /* QQConnector.framework */; };
		DE93BF671DB0E315005549C6 /* RenrenConnector.framework in Frameworks */ = {isa = PBXBuildFile; fileRef = DE93BF541DB0E315005549C6 /* RenrenConnector.framework */; };
		DE93BF681DB0E315005549C6 /* SinaWeiboConnector.framework in Frameworks */ = {isa = PBXBuildFile; fileRef = DE93BF551DB0E315005549C6 /* SinaWeiboConnector.framework */; };
		DE93BF691DB0E315005549C6 /* SMSConnector.framework in Frameworks */ = {isa = PBXBuildFile; fileRef = DE93BF561DB0E315005549C6 /* SMSConnector.framework */; };
		DE93BF6A1DB0E315005549C6 /* WechatConnector.framework in Frameworks */ = {isa = PBXBuildFile; fileRef = DE93BF571DB0E315005549C6 /* WechatConnector.framework */; };
		DE93BF6B1DB0E315005549C6 /* WhatsAppConnector.framework in Frameworks */ = {isa = PBXBuildFile; fileRef = DE93BF581DB0E315005549C6 /* WhatsAppConnector.framework */; };
		DE93BF6C1DB0E315005549C6 /* YiXinConnector.framework in Frameworks */ = {isa = PBXBuildFile; fileRef = DE93BF591DB0E315005549C6 /* YiXinConnector.framework */; };
		DEB4C2DA1E518A3800E6FA3E /* cat.mp4 in Resources */ = {isa = PBXBuildFile; fileRef = DEB4C2D91E5189F600E6FA3E /* cat.mp4 */; };
		DEFF89AD1B58DD2F00AEA8B0 /* shareImg.png in Resources */ = {isa = PBXBuildFile; fileRef = DEFF89AC1B58DD2F00AEA8B0 /* shareImg.png */; };
		E2501ACC1C50853300D1BDBC /* ShareSDK.framework in Frameworks */ = {isa = PBXBuildFile; fileRef = E2501A991C50853300D1BDBC /* ShareSDK.framework */; };
		E2501ACD1C50853300D1BDBC /* ShareSDKExtension.framework in Frameworks */ = {isa = PBXBuildFile; fileRef = E2501A9C1C50853300D1BDBC /* ShareSDKExtension.framework */; };
		E2501ACF1C50853300D1BDBC /* ShareSDKUI.bundle in Resources */ = {isa = PBXBuildFile; fileRef = E2501A9E1C50853300D1BDBC /* ShareSDKUI.bundle */; };
		E2501AD01C50853300D1BDBC /* ShareSDKUI.framework in Frameworks */ = {isa = PBXBuildFile; fileRef = E2501A9F1C50853300D1BDBC /* ShareSDKUI.framework */; };
		E2501AD31C50853300D1BDBC /* FBSDKMessengerShareKit.framework in Frameworks */ = {isa = PBXBuildFile; fileRef = E2501AA71C50853300D1BDBC /* FBSDKMessengerShareKit.framework */; };
		E2501AD41C50853300D1BDBC /* KakaoOpenSDK.framework in Frameworks */ = {isa = PBXBuildFile; fileRef = E2501AA91C50853300D1BDBC /* KakaoOpenSDK.framework */; };
		E2501AD51C50853300D1BDBC /* TencentOpenAPI.framework in Frameworks */ = {isa = PBXBuildFile; fileRef = E2501AAB1C50853300D1BDBC /* TencentOpenAPI.framework */; };
		E2501AD61C50853300D1BDBC /* TencentOpenApi_IOS_Bundle.bundle in Resources */ = {isa = PBXBuildFile; fileRef = E2501AAC1C50853300D1BDBC /* TencentOpenApi_IOS_Bundle.bundle */; };
		E2501AD71C50853300D1BDBC /* RennSDK.bundle in Resources */ = {isa = PBXBuildFile; fileRef = E2501AAE1C50853300D1BDBC /* RennSDK.bundle */; };
		E2501AD81C50853300D1BDBC /* RennSDK.framework in Frameworks */ = {isa = PBXBuildFile; fileRef = E2501AAF1C50853300D1BDBC /* RennSDK.framework */; };
		E2501AD91C50853300D1BDBC /* libWeiboSDK.a in Frameworks */ = {isa = PBXBuildFile; fileRef = E2501AB11C50853300D1BDBC /* libWeiboSDK.a */; };
		E2501ADA1C50853300D1BDBC /* WeiboSDK.bundle in Resources */ = {isa = PBXBuildFile; fileRef = E2501ABB1C50853300D1BDBC /* WeiboSDK.bundle */; };
		E2501ADB1C50853300D1BDBC /* libWeChatSDK.a in Frameworks */ = {isa = PBXBuildFile; fileRef = E2501ABF1C50853300D1BDBC /* libWeChatSDK.a */; };
		E2501ADD1C50853300D1BDBC /* libYixinSDK.a in Frameworks */ = {isa = PBXBuildFile; fileRef = E2501AC51C50853300D1BDBC /* libYixinSDK.a */; };
		E2501ADE1C50853300D1BDBC /* MOBFoundation.framework in Frameworks */ = {isa = PBXBuildFile; fileRef = E2501AC91C50853300D1BDBC /* MOBFoundation.framework */; };
		E2501ADF1C50853300D1BDBC /* ShareSDK.bundle in Resources */ = {isa = PBXBuildFile; fileRef = E2501ACA1C50853300D1BDBC /* ShareSDK.bundle */; };
		E2501AE01C50853300D1BDBC /* ShareSDKConnector.framework in Frameworks */ = {isa = PBXBuildFile; fileRef = E2501ACB1C50853300D1BDBC /* ShareSDKConnector.framework */; };
/* End PBXBuildFile section */

/* Begin PBXFileReference section */
		D07CF92C1B43C674003CAD7A /* JavaScriptCore.framework */ = {isa = PBXFileReference; lastKnownFileType = wrapper.framework; name = JavaScriptCore.framework; path = System/Library/Frameworks/JavaScriptCore.framework; sourceTree = SDKROOT; };
		D08BDA0B1B412A8400C73757 /* SharingDemo.app */ = {isa = PBXFileReference; explicitFileType = wrapper.application; includeInIndex = 0; path = SharingDemo.app; sourceTree = BUILT_PRODUCTS_DIR; };
		D08BDA0F1B412A8400C73757 /* Info.plist */ = {isa = PBXFileReference; lastKnownFileType = text.plist.xml; path = Info.plist; sourceTree = "<group>"; };
		D08BDA101B412A8400C73757 /* main.m */ = {isa = PBXFileReference; lastKnownFileType = sourcecode.c.objc; path = main.m; sourceTree = "<group>"; };
		D08BDA121B412A8400C73757 /* AppDelegate.h */ = {isa = PBXFileReference; lastKnownFileType = sourcecode.c.h; path = AppDelegate.h; sourceTree = "<group>"; };
		D08BDA131B412A8400C73757 /* AppDelegate.m */ = {isa = PBXFileReference; lastKnownFileType = sourcecode.c.objc; path = AppDelegate.m; sourceTree = "<group>"; };
		D08BDA151B412A8400C73757 /* ViewController.h */ = {isa = PBXFileReference; lastKnownFileType = sourcecode.c.h; path = ViewController.h; sourceTree = "<group>"; };
		D08BDA161B412A8400C73757 /* ViewController.m */ = {isa = PBXFileReference; lastKnownFileType = sourcecode.c.objc; path = ViewController.m; sourceTree = "<group>"; };
		D08BDA191B412A8400C73757 /* Base */ = {isa = PBXFileReference; lastKnownFileType = file.storyboard; name = Base; path = Base.lproj/Main.storyboard; sourceTree = "<group>"; };
		D08BDA1B1B412A8400C73757 /* Images.xcassets */ = {isa = PBXFileReference; lastKnownFileType = folder.assetcatalog; path = Images.xcassets; sourceTree = "<group>"; };
		D08BDA1E1B412A8400C73757 /* Base */ = {isa = PBXFileReference; lastKnownFileType = file.xib; name = Base; path = Base.lproj/LaunchScreen.xib; sourceTree = "<group>"; };
		D08BDA5D1B412B5800C73757 /* libicucore.dylib */ = {isa = PBXFileReference; lastKnownFileType = "compiled.mach-o.dylib"; name = libicucore.dylib; path = usr/lib/libicucore.dylib; sourceTree = SDKROOT; };
		D08BDA5F1B412B5E00C73757 /* libstdc++.dylib */ = {isa = PBXFileReference; lastKnownFileType = "compiled.mach-o.dylib"; name = "libstdc++.dylib"; path = "usr/lib/libstdc++.dylib"; sourceTree = SDKROOT; };
		D08BDA611B412B6500C73757 /* libz.dylib */ = {isa = PBXFileReference; lastKnownFileType = "compiled.mach-o.dylib"; name = libz.dylib; path = usr/lib/libz.dylib; sourceTree = SDKROOT; };
		D0CA76B91B4267A100CFD580 /* AuthListViewController.h */ = {isa = PBXFileReference; fileEncoding = 4; lastKnownFileType = sourcecode.c.h; path = AuthListViewController.h; sourceTree = "<group>"; };
		D0CA76BA1B4267A100CFD580 /* AuthListViewController.m */ = {isa = PBXFileReference; fileEncoding = 4; lastKnownFileType = sourcecode.c.objc; path = AuthListViewController.m; sourceTree = "<group>"; };
		DE0897AA1E4DB038002BB090 /* MPShareSDK.framework */ = {isa = PBXFileReference; lastKnownFileType = wrapper.framework; path = MPShareSDK.framework; sourceTree = "<group>"; };
		DE0897AC1E4DB04D002BB090 /* MeiPaiConnector.framework */ = {isa = PBXFileReference; lastKnownFileType = wrapper.framework; path = MeiPaiConnector.framework; sourceTree = "<group>"; };
		DE0897AE1E4DB065002BB090 /* YouTubeConnector.framework */ = {isa = PBXFileReference; lastKnownFileType = wrapper.framework; path = YouTubeConnector.framework; sourceTree = "<group>"; };
		DE0AB5DE1DB5FF650007CF77 /* APOpenAPI.h */ = {isa = PBXFileReference; fileEncoding = 4; lastKnownFileType = sourcecode.c.h; path = APOpenAPI.h; sourceTree = "<group>"; };
		DE0AB5DF1DB5FF650007CF77 /* APOpenAPIObject.h */ = {isa = PBXFileReference; fileEncoding = 4; lastKnownFileType = sourcecode.c.h; path = APOpenAPIObject.h; sourceTree = "<group>"; };
		DE0AB5E01DB5FF650007CF77 /* libAPOpenSdk.a */ = {isa = PBXFileReference; lastKnownFileType = archive.ar; path = libAPOpenSdk.a; sourceTree = "<group>"; };
		DE0F12E61B84594C00B6E543 /* Icon-72.png */ = {isa = PBXFileReference; lastKnownFileType = image.png; path = "Icon-72.png"; sourceTree = "<group>"; };
		DE0F12E71B84594C00B6E543 /* Icon-72@2x.png */ = {isa = PBXFileReference; lastKnownFileType = image.png; path = "Icon-72@2x.png"; sourceTree = "<group>"; };
		DE0F12E81B84594C00B6E543 /* Icon.png */ = {isa = PBXFileReference; lastKnownFileType = image.png; path = Icon.png; sourceTree = "<group>"; };
		DE0F12E91B84594C00B6E543 /* Icon@2x.png */ = {isa = PBXFileReference; lastKnownFileType = image.png; path = "Icon@2x.png"; sourceTree = "<group>"; };
		DE11F32F1B7F238700C33072 /* CoreMotion.framework */ = {isa = PBXFileReference; lastKnownFileType = wrapper.framework; name = CoreMotion.framework; path = System/Library/Frameworks/CoreMotion.framework; sourceTree = SDKROOT; };
		DE11F3311B7F239800C33072 /* CoreLocation.framework */ = {isa = PBXFileReference; lastKnownFileType = wrapper.framework; name = CoreLocation.framework; path = System/Library/Frameworks/CoreLocation.framework; sourceTree = SDKROOT; };
		DE11F3331B7F23AA00C33072 /* MediaPlayer.framework */ = {isa = PBXFileReference; lastKnownFileType = wrapper.framework; name = MediaPlayer.framework; path = System/Library/Frameworks/MediaPlayer.framework; sourceTree = SDKROOT; };
		DE11F3351B7F23CB00C33072 /* AssetsLibrary.framework */ = {isa = PBXFileReference; lastKnownFileType = wrapper.framework; name = AssetsLibrary.framework; path = System/Library/Frameworks/AssetsLibrary.framework; sourceTree = SDKROOT; };
		DE11F3371B7F23D800C33072 /* AddressBook.framework */ = {isa = PBXFileReference; lastKnownFileType = wrapper.framework; name = AddressBook.framework; path = System/Library/Frameworks/AddressBook.framework; sourceTree = SDKROOT; };
		DE11F3391B7F23F100C33072 /* CoreImage.framework */ = {isa = PBXFileReference; lastKnownFileType = wrapper.framework; name = CoreImage.framework; path = System/Library/Frameworks/CoreImage.framework; sourceTree = SDKROOT; };
		DE11F33B1B7F23FF00C33072 /* CoreGraphics.framework */ = {isa = PBXFileReference; lastKnownFileType = wrapper.framework; name = CoreGraphics.framework; path = System/Library/Frameworks/CoreGraphics.framework; sourceTree = SDKROOT; };
		DE11F33D1B7F249600C33072 /* CoreFoundation.framework */ = {isa = PBXFileReference; lastKnownFileType = wrapper.framework; name = CoreFoundation.framework; path = System/Library/Frameworks/CoreFoundation.framework; sourceTree = SDKROOT; };
		DE11F33F1B7F26EC00C33072 /* ImageIO.framework */ = {isa = PBXFileReference; lastKnownFileType = wrapper.framework; name = ImageIO.framework; path = System/Library/Frameworks/ImageIO.framework; sourceTree = SDKROOT; };
		DE247F191BB24BD200225F1B /* AdSupport.framework */ = {isa = PBXFileReference; lastKnownFileType = wrapper.framework; name = AdSupport.framework; path = System/Library/Frameworks/AdSupport.framework; sourceTree = SDKROOT; };
		DE28450F1B58E7C400856CA9 /* zh-Hans */ = {isa = PBXFileReference; lastKnownFileType = text.plist.strings; name = "zh-Hans"; path = "zh-Hans.lproj/Main.strings"; sourceTree = "<group>"; };
		DE2845101B58E7C400856CA9 /* zh-Hans */ = {isa = PBXFileReference; lastKnownFileType = text.plist.strings; name = "zh-Hans"; path = "zh-Hans.lproj/LaunchScreen.strings"; sourceTree = "<group>"; };
		DE2E83DD1B9D6A1800FDE614 /* libsqlite3.dylib */ = {isa = PBXFileReference; lastKnownFileType = "compiled.mach-o.dylib"; name = libsqlite3.dylib; path = usr/lib/libsqlite3.dylib; sourceTree = SDKROOT; };
		DE3AB27D1DB47DDE00C8787E /* CoreTelephony.framework */ = {isa = PBXFileReference; lastKnownFileType = wrapper.framework; name = CoreTelephony.framework; path = System/Library/Frameworks/CoreTelephony.framework; sourceTree = SDKROOT; };
		DE3AB27F1DB47DED00C8787E /* SystemConfiguration.framework */ = {isa = PBXFileReference; lastKnownFileType = wrapper.framework; name = SystemConfiguration.framework; path = System/Library/Frameworks/SystemConfiguration.framework; sourceTree = SDKROOT; };
		DE46B2BB1E237E45003B44C1 /* DingTalkConnector.framework */ = {isa = PBXFileReference; lastKnownFileType = wrapper.framework; path = DingTalkConnector.framework; sourceTree = "<group>"; };
		DE5B18EB1E23466E001B921F /* DTShareKit.framework */ = {isa = PBXFileReference; lastKnownFileType = wrapper.framework; path = DTShareKit.framework; sourceTree = "<group>"; };
		DE7943471B58B99F00D266E8 /* Default-568h@2x.png */ = {isa = PBXFileReference; lastKnownFileType = image.png; path = "Default-568h@2x.png"; sourceTree = "<group>"; };
		DE7943481B58B99F00D266E8 /* Default.png */ = {isa = PBXFileReference; lastKnownFileType = image.png; path = Default.png; sourceTree = "<group>"; };
		DE7943491B58B99F00D266E8 /* Default@2x.png */ = {isa = PBXFileReference; lastKnownFileType = image.png; path = "Default@2x.png"; sourceTree = "<group>"; };
		DE93BF471DB0E315005549C6 /* AliPayConnector.framework */ = {isa = PBXFileReference; lastKnownFileType = wrapper.framework; path = AliPayConnector.framework; sourceTree = "<group>"; };
		DE93BF481DB0E315005549C6 /* CopyConnector.framework */ = {isa = PBXFileReference; lastKnownFileType = wrapper.framework; path = CopyConnector.framework; sourceTree = "<group>"; };
		DE93BF4A1DB0E315005549C6 /* EvernoteConnector.framework */ = {isa = PBXFileReference; lastKnownFileType = wrapper.framework; path = EvernoteConnector.framework; sourceTree = "<group>"; };
		DE93BF4B1DB0E315005549C6 /* FacebookConnector.framework */ = {isa = PBXFileReference; lastKnownFileType = wrapper.framework; path = FacebookConnector.framework; sourceTree = "<group>"; };
		DE93BF4C1DB0E315005549C6 /* GooglePlusConnector.framework */ = {isa = PBXFileReference; lastKnownFileType = wrapper.framework; path = GooglePlusConnector.framework; sourceTree = "<group>"; };
		DE93BF4D1DB0E315005549C6 /* InstagramConnector.framework */ = {isa = PBXFileReference; lastKnownFileType = wrapper.framework; path = InstagramConnector.framework; sourceTree = "<group>"; };
		DE93BF4E1DB0E315005549C6 /* InstapaperConnector.framework */ = {isa = PBXFileReference; lastKnownFileType = wrapper.framework; path = InstapaperConnector.framework; sourceTree = "<group>"; };
		DE93BF4F1DB0E315005549C6 /* KakaoConnector.framework */ = {isa = PBXFileReference; lastKnownFileType = wrapper.framework; path = KakaoConnector.framework; sourceTree = "<group>"; };
		DE93BF501DB0E315005549C6 /* LineConnector.framework */ = {isa = PBXFileReference; lastKnownFileType = wrapper.framework; path = LineConnector.framework; sourceTree = "<group>"; };
		DE93BF511DB0E315005549C6 /* MailConnector.framework */ = {isa = PBXFileReference; lastKnownFileType = wrapper.framework; path = MailConnector.framework; sourceTree = "<group>"; };
		DE93BF521DB0E315005549C6 /* PrintConnector.framework */ = {isa = PBXFileReference; lastKnownFileType = wrapper.framework; path = PrintConnector.framework; sourceTree = "<group>"; };
		DE93BF531DB0E315005549C6 /* QQConnector.framework */ = {isa = PBXFileReference; lastKnownFileType = wrapper.framework; path = QQConnector.framework; sourceTree = "<group>"; };
		DE93BF541DB0E315005549C6 /* RenrenConnector.framework */ = {isa = PBXFileReference; lastKnownFileType = wrapper.framework; path = RenrenConnector.framework; sourceTree = "<group>"; };
		DE93BF551DB0E315005549C6 /* SinaWeiboConnector.framework */ = {isa = PBXFileReference; lastKnownFileType = wrapper.framework; path = SinaWeiboConnector.framework; sourceTree = "<group>"; };
		DE93BF561DB0E315005549C6 /* SMSConnector.framework */ = {isa = PBXFileReference; lastKnownFileType = wrapper.framework; path = SMSConnector.framework; sourceTree = "<group>"; };
		DE93BF571DB0E315005549C6 /* WechatConnector.framework */ = {isa = PBXFileReference; lastKnownFileType = wrapper.framework; path = WechatConnector.framework; sourceTree = "<group>"; };
		DE93BF581DB0E315005549C6 /* WhatsAppConnector.framework */ = {isa = PBXFileReference; lastKnownFileType = wrapper.framework; path = WhatsAppConnector.framework; sourceTree = "<group>"; };
		DE93BF591DB0E315005549C6 /* YiXinConnector.framework */ = {isa = PBXFileReference; lastKnownFileType = wrapper.framework; path = YiXinConnector.framework; sourceTree = "<group>"; };
		DEB4C2D91E5189F600E6FA3E /* cat.mp4 */ = {isa = PBXFileReference; lastKnownFileType = file; path = cat.mp4; sourceTree = "<group>"; };
		DEFF89AC1B58DD2F00AEA8B0 /* shareImg.png */ = {isa = PBXFileReference; lastKnownFileType = image.png; path = shareImg.png; sourceTree = "<group>"; };
		E2501A991C50853300D1BDBC /* ShareSDK.framework */ = {isa = PBXFileReference; lastKnownFileType = wrapper.framework; path = ShareSDK.framework; sourceTree = "<group>"; };
		E2501A9C1C50853300D1BDBC /* ShareSDKExtension.framework */ = {isa = PBXFileReference; lastKnownFileType = wrapper.framework; path = ShareSDKExtension.framework; sourceTree = "<group>"; };
		E2501A9E1C50853300D1BDBC /* ShareSDKUI.bundle */ = {isa = PBXFileReference; lastKnownFileType = "wrapper.plug-in"; path = ShareSDKUI.bundle; sourceTree = "<group>"; };
		E2501A9F1C50853300D1BDBC /* ShareSDKUI.framework */ = {isa = PBXFileReference; lastKnownFileType = wrapper.framework; path = ShareSDKUI.framework; sourceTree = "<group>"; };
		E2501AA71C50853300D1BDBC /* FBSDKMessengerShareKit.framework */ = {isa = PBXFileReference; lastKnownFileType = wrapper.framework; path = FBSDKMessengerShareKit.framework; sourceTree = "<group>"; };
		E2501AA91C50853300D1BDBC /* KakaoOpenSDK.framework */ = {isa = PBXFileReference; lastKnownFileType = wrapper.framework; path = KakaoOpenSDK.framework; sourceTree = "<group>"; };
		E2501AAB1C50853300D1BDBC /* TencentOpenAPI.framework */ = {isa = PBXFileReference; lastKnownFileType = wrapper.framework; path = TencentOpenAPI.framework; sourceTree = "<group>"; };
		E2501AAC1C50853300D1BDBC /* TencentOpenApi_IOS_Bundle.bundle */ = {isa = PBXFileReference; lastKnownFileType = "wrapper.plug-in"; path = TencentOpenApi_IOS_Bundle.bundle; sourceTree = "<group>"; };
		E2501AAE1C50853300D1BDBC /* RennSDK.bundle */ = {isa = PBXFileReference; lastKnownFileType = "wrapper.plug-in"; path = RennSDK.bundle; sourceTree = "<group>"; };
		E2501AAF1C50853300D1BDBC /* RennSDK.framework */ = {isa = PBXFileReference; lastKnownFileType = wrapper.framework; path = RennSDK.framework; sourceTree = "<group>"; };
		E2501AB11C50853300D1BDBC /* libWeiboSDK.a */ = {isa = PBXFileReference; lastKnownFileType = archive.ar; path = libWeiboSDK.a; sourceTree = "<group>"; };
		E2501AB21C50853300D1BDBC /* WBHttpRequest+WeiboGame.h */ = {isa = PBXFileReference; fileEncoding = 4; lastKnownFileType = sourcecode.c.h; path = "WBHttpRequest+WeiboGame.h"; sourceTree = "<group>"; };
		E2501AB31C50853300D1BDBC /* WBHttpRequest+WeiboShare.h */ = {isa = PBXFileReference; fileEncoding = 4; lastKnownFileType = sourcecode.c.h; path = "WBHttpRequest+WeiboShare.h"; sourceTree = "<group>"; };
		E2501AB41C50853300D1BDBC /* WBHttpRequest+WeiboToken.h */ = {isa = PBXFileReference; fileEncoding = 4; lastKnownFileType = sourcecode.c.h; path = "WBHttpRequest+WeiboToken.h"; sourceTree = "<group>"; };
		E2501AB51C50853300D1BDBC /* WBHttpRequest+WeiboUser.h */ = {isa = PBXFileReference; fileEncoding = 4; lastKnownFileType = sourcecode.c.h; path = "WBHttpRequest+WeiboUser.h"; sourceTree = "<group>"; };
		E2501AB61C50853300D1BDBC /* WBHttpRequest.h */ = {isa = PBXFileReference; fileEncoding = 4; lastKnownFileType = sourcecode.c.h; path = WBHttpRequest.h; sourceTree = "<group>"; };
		E2501AB71C50853300D1BDBC /* WBSDKBasicButton.h */ = {isa = PBXFileReference; fileEncoding = 4; lastKnownFileType = sourcecode.c.h; path = WBSDKBasicButton.h; sourceTree = "<group>"; };
		E2501AB81C50853300D1BDBC /* WBSDKCommentButton.h */ = {isa = PBXFileReference; fileEncoding = 4; lastKnownFileType = sourcecode.c.h; path = WBSDKCommentButton.h; sourceTree = "<group>"; };
		E2501AB91C50853300D1BDBC /* WBSDKRelationshipButton.h */ = {isa = PBXFileReference; fileEncoding = 4; lastKnownFileType = sourcecode.c.h; path = WBSDKRelationshipButton.h; sourceTree = "<group>"; };
		E2501ABA1C50853300D1BDBC /* WeiboSDK+Statistics.h */ = {isa = PBXFileReference; fileEncoding = 4; lastKnownFileType = sourcecode.c.h; path = "WeiboSDK+Statistics.h"; sourceTree = "<group>"; };
		E2501ABB1C50853300D1BDBC /* WeiboSDK.bundle */ = {isa = PBXFileReference; lastKnownFileType = "wrapper.plug-in"; path = WeiboSDK.bundle; sourceTree = "<group>"; };
		E2501ABC1C50853300D1BDBC /* WeiboSDK.h */ = {isa = PBXFileReference; fileEncoding = 4; lastKnownFileType = sourcecode.c.h; path = WeiboSDK.h; sourceTree = "<group>"; };
		E2501ABD1C50853300D1BDBC /* WeiboUser.h */ = {isa = PBXFileReference; fileEncoding = 4; lastKnownFileType = sourcecode.c.h; path = WeiboUser.h; sourceTree = "<group>"; };
		E2501ABF1C50853300D1BDBC /* libWeChatSDK.a */ = {isa = PBXFileReference; lastKnownFileType = archive.ar; path = libWeChatSDK.a; sourceTree = "<group>"; };
		E2501AC11C50853300D1BDBC /* WechatAuthSDK.h */ = {isa = PBXFileReference; fileEncoding = 4; lastKnownFileType = sourcecode.c.h; path = WechatAuthSDK.h; sourceTree = "<group>"; };
		E2501AC21C50853300D1BDBC /* WXApi.h */ = {isa = PBXFileReference; fileEncoding = 4; lastKnownFileType = sourcecode.c.h; path = WXApi.h; sourceTree = "<group>"; };
		E2501AC31C50853300D1BDBC /* WXApiObject.h */ = {isa = PBXFileReference; fileEncoding = 4; lastKnownFileType = sourcecode.c.h; path = WXApiObject.h; sourceTree = "<group>"; };
		E2501AC51C50853300D1BDBC /* libYixinSDK.a */ = {isa = PBXFileReference; lastKnownFileType = archive.ar; path = libYixinSDK.a; sourceTree = "<group>"; };
		E2501AC61C50853300D1BDBC /* YXApi.h */ = {isa = PBXFileReference; fileEncoding = 4; lastKnownFileType = sourcecode.c.h; path = YXApi.h; sourceTree = "<group>"; };
		E2501AC71C50853300D1BDBC /* YXApiObject.h */ = {isa = PBXFileReference; fileEncoding = 4; lastKnownFileType = sourcecode.c.h; path = YXApiObject.h; sourceTree = "<group>"; };
		E2501AC91C50853300D1BDBC /* MOBFoundation.framework */ = {isa = PBXFileReference; lastKnownFileType = wrapper.framework; path = MOBFoundation.framework; sourceTree = "<group>"; };
		E2501ACA1C50853300D1BDBC /* ShareSDK.bundle */ = {isa = PBXFileReference; lastKnownFileType = "wrapper.plug-in"; path = ShareSDK.bundle; sourceTree = "<group>"; };
		E2501ACB1C50853300D1BDBC /* ShareSDKConnector.framework */ = {isa = PBXFileReference; lastKnownFileType = wrapper.framework; path = ShareSDKConnector.framework; sourceTree = "<group>"; };
/* End PBXFileReference section */

/* Begin PBXFrameworksBuildPhase section */
		D08BDA081B412A8400C73757 /* Frameworks */ = {
			isa = PBXFrameworksBuildPhase;
			buildActionMask = 2147483647;
			files = (
				DE3AB2801DB47DED00C8787E /* SystemConfiguration.framework in Frameworks */,
				DE3AB27E1DB47DDE00C8787E /* CoreTelephony.framework in Frameworks */,
				DE5B18EC1E23466E001B921F /* DTShareKit.framework in Frameworks */,
				E2501AD91C50853300D1BDBC /* libWeiboSDK.a in Frameworks */,
				DE93BF651DB0E315005549C6 /* PrintConnector.framework in Frameworks */,
				DE2E83DE1B9D6A1800FDE614 /* libsqlite3.dylib in Frameworks */,
				DE93BF691DB0E315005549C6 /* SMSConnector.framework in Frameworks */,
				DE0AB5E21DB5FF650007CF77 /* libAPOpenSdk.a in Frameworks */,
				E2501AD41C50853300D1BDBC /* KakaoOpenSDK.framework in Frameworks */,
				DE93BF681DB0E315005549C6 /* SinaWeiboConnector.framework in Frameworks */,
				DE0897AB1E4DB038002BB090 /* MPShareSDK.framework in Frameworks */,
				DE11F3401B7F26EC00C33072 /* ImageIO.framework in Frameworks */,
				E2501AD01C50853300D1BDBC /* ShareSDKUI.framework in Frameworks */,
				E2501ADB1C50853300D1BDBC /* libWeChatSDK.a in Frameworks */,
				DE93BF661DB0E315005549C6 /* QQConnector.framework in Frameworks */,
				E2501ADE1C50853300D1BDBC /* MOBFoundation.framework in Frameworks */,
				DE93BF6C1DB0E315005549C6 /* YiXinConnector.framework in Frameworks */,
				E2501AD51C50853300D1BDBC /* TencentOpenAPI.framework in Frameworks */,
				DE93BF601DB0E315005549C6 /* InstagramConnector.framework in Frameworks */,
				E2501AD31C50853300D1BDBC /* FBSDKMessengerShareKit.framework in Frameworks */,
				DE93BF5F1DB0E315005549C6 /* GooglePlusConnector.framework in Frameworks */,
				DE93BF6B1DB0E315005549C6 /* WhatsAppConnector.framework in Frameworks */,
				DE11F3381B7F23D800C33072 /* AddressBook.framework in Frameworks */,
				DE11F3361B7F23CB00C33072 /* AssetsLibrary.framework in Frameworks */,
				DE93BF5B1DB0E315005549C6 /* CopyConnector.framework in Frameworks */,
				DE11F3341B7F23AA00C33072 /* MediaPlayer.framework in Frameworks */,
				DE93BF671DB0E315005549C6 /* RenrenConnector.framework in Frameworks */,
				DE93BF6A1DB0E315005549C6 /* WechatConnector.framework in Frameworks */,
				E2501ACC1C50853300D1BDBC /* ShareSDK.framework in Frameworks */,
				E2501ADD1C50853300D1BDBC /* libYixinSDK.a in Frameworks */,
				DE93BF611DB0E315005549C6 /* InstapaperConnector.framework in Frameworks */,
				DE11F3321B7F239800C33072 /* CoreLocation.framework in Frameworks */,
				DE0897AF1E4DB065002BB090 /* YouTubeConnector.framework in Frameworks */,
				DE11F3301B7F238700C33072 /* CoreMotion.framework in Frameworks */,
				DE93BF5D1DB0E315005549C6 /* EvernoteConnector.framework in Frameworks */,
				DE93BF5A1DB0E315005549C6 /* AliPayConnector.framework in Frameworks */,
				E2501AD81C50853300D1BDBC /* RennSDK.framework in Frameworks */,
				D07CF92D1B43C674003CAD7A /* JavaScriptCore.framework in Frameworks */,
				DE0897AD1E4DB04D002BB090 /* MeiPaiConnector.framework in Frameworks */,
				D08BDA621B412B6500C73757 /* libz.dylib in Frameworks */,
				E2501ACD1C50853300D1BDBC /* ShareSDKExtension.framework in Frameworks */,
				DE93BF631DB0E315005549C6 /* LineConnector.framework in Frameworks */,
				DE93BF5E1DB0E315005549C6 /* FacebookConnector.framework in Frameworks */,
				DE46B2BC1E237E45003B44C1 /* DingTalkConnector.framework in Frameworks */,
				DE93BF621DB0E315005549C6 /* KakaoConnector.framework in Frameworks */,
				D08BDA601B412B5E00C73757 /* libstdc++.dylib in Frameworks */,
				DE93BF641DB0E315005549C6 /* MailConnector.framework in Frameworks */,
				D08BDA5E1B412B5800C73757 /* libicucore.dylib in Frameworks */,
				E2501AE01C50853300D1BDBC /* ShareSDKConnector.framework in Frameworks */,
			);
			runOnlyForDeploymentPostprocessing = 0;
		};
/* End PBXFrameworksBuildPhase section */

/* Begin PBXGroup section */
		D08BDA021B412A8400C73757 = {
			isa = PBXGroup;
			children = (
				E2501A981C50853300D1BDBC /* ShareSDK */,
				D08BDA0D1B412A8400C73757 /* SharingDemo */,
				D08BDA0C1B412A8400C73757 /* Products */,
			);
			sourceTree = "<group>";
		};
		D08BDA0C1B412A8400C73757 /* Products */ = {
			isa = PBXGroup;
			children = (
				D08BDA0B1B412A8400C73757 /* SharingDemo.app */,
			);
			name = Products;
			sourceTree = "<group>";
		};
		D08BDA0D1B412A8400C73757 /* SharingDemo */ = {
			isa = PBXGroup;
			children = (
				D08BDA121B412A8400C73757 /* AppDelegate.h */,
				D08BDA131B412A8400C73757 /* AppDelegate.m */,
				D08BDA151B412A8400C73757 /* ViewController.h */,
				D08BDA161B412A8400C73757 /* ViewController.m */,
				D0CA76B91B4267A100CFD580 /* AuthListViewController.h */,
				D0CA76BA1B4267A100CFD580 /* AuthListViewController.m */,
				D08BDA0E1B412A8400C73757 /* Supporting Files */,
			);
			path = SharingDemo;
			sourceTree = "<group>";
		};
		D08BDA0E1B412A8400C73757 /* Supporting Files */ = {
			isa = PBXGroup;
			children = (
				D08BDA0F1B412A8400C73757 /* Info.plist */,
				DE5C7CB11BA56BEF00B7409B /* System lib */,
				DE0F12E61B84594C00B6E543 /* Icon-72.png */,
				DE0F12E71B84594C00B6E543 /* Icon-72@2x.png */,
				DE0F12E81B84594C00B6E543 /* Icon.png */,
				DE0F12E91B84594C00B6E543 /* Icon@2x.png */,
				DEB4C2D91E5189F600E6FA3E /* cat.mp4 */,
				DEFF89AC1B58DD2F00AEA8B0 /* shareImg.png */,
				D08BDA181B412A8400C73757 /* Main.storyboard */,
				D08BDA1B1B412A8400C73757 /* Images.xcassets */,
				D08BDA1D1B412A8400C73757 /* LaunchScreen.xib */,
				DE7943471B58B99F00D266E8 /* Default-568h@2x.png */,
				DE7943481B58B99F00D266E8 /* Default.png */,
				DE7943491B58B99F00D266E8 /* Default@2x.png */,
				D08BDA101B412A8400C73757 /* main.m */,
			);
			name = "Supporting Files";
			sourceTree = "<group>";
		};
		DE0897A91E4DB038002BB090 /* MPShareSDK */ = {
			isa = PBXGroup;
			children = (
				DE0897AA1E4DB038002BB090 /* MPShareSDK.framework */,
			);
			path = MPShareSDK;
			sourceTree = "<group>";
		};
		DE0AB5DD1DB5FF650007CF77 /* APSocialSDK */ = {
			isa = PBXGroup;
			children = (
				DE0AB5DE1DB5FF650007CF77 /* APOpenAPI.h */,
				DE0AB5DF1DB5FF650007CF77 /* APOpenAPIObject.h */,
				DE0AB5E01DB5FF650007CF77 /* libAPOpenSdk.a */,
			);
			path = APSocialSDK;
			sourceTree = "<group>";
		};
		DE5B18EA1E23466E001B921F /* DingTalkSDK */ = {
			isa = PBXGroup;
			children = (
				DE5B18EB1E23466E001B921F /* DTShareKit.framework */,
			);
			path = DingTalkSDK;
			sourceTree = "<group>";
		};
		DE5C7CB11BA56BEF00B7409B /* System lib */ = {
			isa = PBXGroup;
			children = (
				DE3AB27F1DB47DED00C8787E /* SystemConfiguration.framework */,
				DE3AB27D1DB47DDE00C8787E /* CoreTelephony.framework */,
				DE247F191BB24BD200225F1B /* AdSupport.framework */,
				D07CF92C1B43C674003CAD7A /* JavaScriptCore.framework */,
				D08BDA611B412B6500C73757 /* libz.dylib */,
				D08BDA5F1B412B5E00C73757 /* libstdc++.dylib */,
				D08BDA5D1B412B5800C73757 /* libicucore.dylib */,
				DE2E83DD1B9D6A1800FDE614 /* libsqlite3.dylib */,
				DE11F33F1B7F26EC00C33072 /* ImageIO.framework */,
				DE11F33D1B7F249600C33072 /* CoreFoundation.framework */,
				DE11F33B1B7F23FF00C33072 /* CoreGraphics.framework */,
				DE11F3391B7F23F100C33072 /* CoreImage.framework */,
				DE11F3371B7F23D800C33072 /* AddressBook.framework */,
				DE11F3351B7F23CB00C33072 /* AssetsLibrary.framework */,
				DE11F3331B7F23AA00C33072 /* MediaPlayer.framework */,
				DE11F3311B7F239800C33072 /* CoreLocation.framework */,
				DE11F32F1B7F238700C33072 /* CoreMotion.framework */,
			);
			name = "System lib";
			sourceTree = "<group>";
		};
		DE93BF461DB0E315005549C6 /* PlatformConnector */ = {
			isa = PBXGroup;
			children = (
				DE0897AE1E4DB065002BB090 /* YouTubeConnector.framework */,
				DE0897AC1E4DB04D002BB090 /* MeiPaiConnector.framework */,
				DE46B2BB1E237E45003B44C1 /* DingTalkConnector.framework */,
				DE93BF471DB0E315005549C6 /* AliPayConnector.framework */,
				DE93BF481DB0E315005549C6 /* CopyConnector.framework */,
				DE93BF4A1DB0E315005549C6 /* EvernoteConnector.framework */,
				DE93BF4B1DB0E315005549C6 /* FacebookConnector.framework */,
				DE93BF4C1DB0E315005549C6 /* GooglePlusConnector.framework */,
				DE93BF4D1DB0E315005549C6 /* InstagramConnector.framework */,
				DE93BF4E1DB0E315005549C6 /* InstapaperConnector.framework */,
				DE93BF4F1DB0E315005549C6 /* KakaoConnector.framework */,
				DE93BF501DB0E315005549C6 /* LineConnector.framework */,
				DE93BF511DB0E315005549C6 /* MailConnector.framework */,
				DE93BF521DB0E315005549C6 /* PrintConnector.framework */,
				DE93BF531DB0E315005549C6 /* QQConnector.framework */,
				DE93BF541DB0E315005549C6 /* RenrenConnector.framework */,
				DE93BF551DB0E315005549C6 /* SinaWeiboConnector.framework */,
				DE93BF561DB0E315005549C6 /* SMSConnector.framework */,
				DE93BF571DB0E315005549C6 /* WechatConnector.framework */,
				DE93BF581DB0E315005549C6 /* WhatsAppConnector.framework */,
				DE93BF591DB0E315005549C6 /* YiXinConnector.framework */,
			);
			path = PlatformConnector;
			sourceTree = "<group>";
		};
		E2501A981C50853300D1BDBC /* ShareSDK */ = {
			isa = PBXGroup;
			children = (
				E2501A991C50853300D1BDBC /* ShareSDK.framework */,
				E2501A9A1C50853300D1BDBC /* Support */,
			);
			name = ShareSDK;
			path = ../../ShareSDK;
			sourceTree = "<group>";
		};
		E2501A9A1C50853300D1BDBC /* Support */ = {
			isa = PBXGroup;
			children = (
				E2501A9B1C50853300D1BDBC /* Optional */,
				DE93BF461DB0E315005549C6 /* PlatformConnector */,
				E2501AA01C50853300D1BDBC /* PlatformSDK */,
				E2501AC81C50853300D1BDBC /* Required */,
			);
			path = Support;
			sourceTree = "<group>";
		};
		E2501A9B1C50853300D1BDBC /* Optional */ = {
			isa = PBXGroup;
			children = (
				E2501A9C1C50853300D1BDBC /* ShareSDKExtension.framework */,
				E2501A9E1C50853300D1BDBC /* ShareSDKUI.bundle */,
				E2501A9F1C50853300D1BDBC /* ShareSDKUI.framework */,
			);
			path = Optional;
			sourceTree = "<group>";
		};
		E2501AA01C50853300D1BDBC /* PlatformSDK */ = {
			isa = PBXGroup;
			children = (
				DE0897A91E4DB038002BB090 /* MPShareSDK */,
				DE5B18EA1E23466E001B921F /* DingTalkSDK */,
				DE0AB5DD1DB5FF650007CF77 /* APSocialSDK */,
				E2501AA61C50853300D1BDBC /* FacebookMessengerSDK */,
				E2501AA81C50853300D1BDBC /* KaKaoSDK */,
				E2501AAA1C50853300D1BDBC /* QQSDK */,
				E2501AAD1C50853300D1BDBC /* RenRenSDK */,
				E2501AB01C50853300D1BDBC /* SinaWeiboSDK */,
				E2501ABE1C50853300D1BDBC /* WeChatSDK */,
				E2501AC41C50853300D1BDBC /* YiXinSDK */,
			);
			path = PlatformSDK;
			sourceTree = "<group>";
		};
		E2501AA61C50853300D1BDBC /* FacebookMessengerSDK */ = {
			isa = PBXGroup;
			children = (
				E2501AA71C50853300D1BDBC /* FBSDKMessengerShareKit.framework */,
			);
			path = FacebookMessengerSDK;
			sourceTree = "<group>";
		};
		E2501AA81C50853300D1BDBC /* KaKaoSDK */ = {
			isa = PBXGroup;
			children = (
				E2501AA91C50853300D1BDBC /* KakaoOpenSDK.framework */,
			);
			path = KaKaoSDK;
			sourceTree = "<group>";
		};
		E2501AAA1C50853300D1BDBC /* QQSDK */ = {
			isa = PBXGroup;
			children = (
				E2501AAB1C50853300D1BDBC /* TencentOpenAPI.framework */,
				E2501AAC1C50853300D1BDBC /* TencentOpenApi_IOS_Bundle.bundle */,
			);
			path = QQSDK;
			sourceTree = "<group>";
		};
		E2501AAD1C50853300D1BDBC /* RenRenSDK */ = {
			isa = PBXGroup;
			children = (
				E2501AAE1C50853300D1BDBC /* RennSDK.bundle */,
				E2501AAF1C50853300D1BDBC /* RennSDK.framework */,
			);
			path = RenRenSDK;
			sourceTree = "<group>";
		};
		E2501AB01C50853300D1BDBC /* SinaWeiboSDK */ = {
			isa = PBXGroup;
			children = (
				E2501AB11C50853300D1BDBC /* libWeiboSDK.a */,
				E2501AB21C50853300D1BDBC /* WBHttpRequest+WeiboGame.h */,
				E2501AB31C50853300D1BDBC /* WBHttpRequest+WeiboShare.h */,
				E2501AB41C50853300D1BDBC /* WBHttpRequest+WeiboToken.h */,
				E2501AB51C50853300D1BDBC /* WBHttpRequest+WeiboUser.h */,
				E2501AB61C50853300D1BDBC /* WBHttpRequest.h */,
				E2501AB71C50853300D1BDBC /* WBSDKBasicButton.h */,
				E2501AB81C50853300D1BDBC /* WBSDKCommentButton.h */,
				E2501AB91C50853300D1BDBC /* WBSDKRelationshipButton.h */,
				E2501ABA1C50853300D1BDBC /* WeiboSDK+Statistics.h */,
				E2501ABB1C50853300D1BDBC /* WeiboSDK.bundle */,
				E2501ABC1C50853300D1BDBC /* WeiboSDK.h */,
				E2501ABD1C50853300D1BDBC /* WeiboUser.h */,
			);
			path = SinaWeiboSDK;
			sourceTree = "<group>";
		};
		E2501ABE1C50853300D1BDBC /* WeChatSDK */ = {
			isa = PBXGroup;
			children = (
				E2501ABF1C50853300D1BDBC /* libWeChatSDK.a */,
				E2501AC11C50853300D1BDBC /* WechatAuthSDK.h */,
				E2501AC21C50853300D1BDBC /* WXApi.h */,
				E2501AC31C50853300D1BDBC /* WXApiObject.h */,
			);
			path = WeChatSDK;
			sourceTree = "<group>";
		};
		E2501AC41C50853300D1BDBC /* YiXinSDK */ = {
			isa = PBXGroup;
			children = (
				E2501AC51C50853300D1BDBC /* libYixinSDK.a */,
				E2501AC61C50853300D1BDBC /* YXApi.h */,
				E2501AC71C50853300D1BDBC /* YXApiObject.h */,
			);
			path = YiXinSDK;
			sourceTree = "<group>";
		};
		E2501AC81C50853300D1BDBC /* Required */ = {
			isa = PBXGroup;
			children = (
				E2501AC91C50853300D1BDBC /* MOBFoundation.framework */,
				E2501ACA1C50853300D1BDBC /* ShareSDK.bundle */,
				E2501ACB1C50853300D1BDBC /* ShareSDKConnector.framework */,
			);
			path = Required;
			sourceTree = "<group>";
		};
/* End PBXGroup section */

/* Begin PBXNativeTarget section */
		D08BDA0A1B412A8400C73757 /* SharingDemo */ = {
			isa = PBXNativeTarget;
			buildConfigurationList = D08BDA2E1B412A8400C73757 /* Build configuration list for PBXNativeTarget "SharingDemo" */;
			buildPhases = (
				D08BDA071B412A8400C73757 /* Sources */,
				D08BDA081B412A8400C73757 /* Frameworks */,
				D08BDA091B412A8400C73757 /* Resources */,
			);
			buildRules = (
			);
			dependencies = (
			);
			name = SharingDemo;
			productName = SharingDemo;
			productReference = D08BDA0B1B412A8400C73757 /* SharingDemo.app */;
			productType = "com.apple.product-type.application";
		};
/* End PBXNativeTarget section */

/* Begin PBXProject section */
		D08BDA031B412A8400C73757 /* Project object */ = {
			isa = PBXProject;
			attributes = {
				LastUpgradeCheck = 0630;
				ORGANIZATIONNAME = mob;
				TargetAttributes = {
					D08BDA0A1B412A8400C73757 = {
						CreatedOnToolsVersion = 6.3.1;
						DevelopmentTeam = 97DW55HLWV;
						ProvisioningStyle = Automatic;
					};
				};
			};
			buildConfigurationList = D08BDA061B412A8400C73757 /* Build configuration list for PBXProject "SharingDemo" */;
			compatibilityVersion = "Xcode 3.2";
			developmentRegion = English;
			hasScannedForEncodings = 0;
			knownRegions = (
				en,
				Base,
			);
			mainGroup = D08BDA021B412A8400C73757;
			productRefGroup = D08BDA0C1B412A8400C73757 /* Products */;
			projectDirPath = "";
			projectRoot = "";
			targets = (
				D08BDA0A1B412A8400C73757 /* SharingDemo */,
			);
		};
/* End PBXProject section */

/* Begin PBXResourcesBuildPhase section */
		D08BDA091B412A8400C73757 /* Resources */ = {
			isa = PBXResourcesBuildPhase;
			buildActionMask = 2147483647;
			files = (
				DEB4C2DA1E518A3800E6FA3E /* cat.mp4 in Resources */,
				DE0F12EB1B84594C00B6E543 /* Icon-72@2x.png in Resources */,
				DE0F12ED1B84594C00B6E543 /* Icon@2x.png in Resources */,
				E2501ADA1C50853300D1BDBC /* WeiboSDK.bundle in Resources */,
				DE79434B1B58B99F00D266E8 /* Default.png in Resources */,
				DE79434C1B58B99F00D266E8 /* Default@2x.png in Resources */,
				E2501ACF1C50853300D1BDBC /* ShareSDKUI.bundle in Resources */,
				D08BDA1A1B412A8400C73757 /* Main.storyboard in Resources */,
				D08BDA1F1B412A8400C73757 /* LaunchScreen.xib in Resources */,
				DE79434A1B58B99F00D266E8 /* Default-568h@2x.png in Resources */,
				E2501AD61C50853300D1BDBC /* TencentOpenApi_IOS_Bundle.bundle in Resources */,
				DE0F12EA1B84594C00B6E543 /* Icon-72.png in Resources */,
				D08BDA1C1B412A8400C73757 /* Images.xcassets in Resources */,
				E2501AD71C50853300D1BDBC /* RennSDK.bundle in Resources */,
				E2501ADF1C50853300D1BDBC /* ShareSDK.bundle in Resources */,
				DE0F12EC1B84594C00B6E543 /* Icon.png in Resources */,
				DEFF89AD1B58DD2F00AEA8B0 /* shareImg.png in Resources */,
			);
			runOnlyForDeploymentPostprocessing = 0;
		};
/* End PBXResourcesBuildPhase section */

/* Begin PBXSourcesBuildPhase section */
		D08BDA071B412A8400C73757 /* Sources */ = {
			isa = PBXSourcesBuildPhase;
			buildActionMask = 2147483647;
			files = (
				D0CA76BB1B4267A100CFD580 /* AuthListViewController.m in Sources */,
				D08BDA171B412A8400C73757 /* ViewController.m in Sources */,
				D08BDA141B412A8400C73757 /* AppDelegate.m in Sources */,
				D08BDA111B412A8400C73757 /* main.m in Sources */,
			);
			runOnlyForDeploymentPostprocessing = 0;
		};
/* End PBXSourcesBuildPhase section */

/* Begin PBXVariantGroup section */
		D08BDA181B412A8400C73757 /* Main.storyboard */ = {
			isa = PBXVariantGroup;
			children = (
				D08BDA191B412A8400C73757 /* Base */,
				DE28450F1B58E7C400856CA9 /* zh-Hans */,
			);
			name = Main.storyboard;
			sourceTree = "<group>";
		};
		D08BDA1D1B412A8400C73757 /* LaunchScreen.xib */ = {
			isa = PBXVariantGroup;
			children = (
				D08BDA1E1B412A8400C73757 /* Base */,
				DE2845101B58E7C400856CA9 /* zh-Hans */,
			);
			name = LaunchScreen.xib;
			sourceTree = "<group>";
		};
/* End PBXVariantGroup section */

/* Begin XCBuildConfiguration section */
		D08BDA2C1B412A8400C73757 /* Debug */ = {
			isa = XCBuildConfiguration;
			buildSettings = {
				ALWAYS_SEARCH_USER_PATHS = NO;
				CLANG_CXX_LANGUAGE_STANDARD = "gnu++0x";
				CLANG_CXX_LIBRARY = "libc++";
				CLANG_ENABLE_MODULES = YES;
				CLANG_ENABLE_OBJC_ARC = YES;
				CLANG_WARN_BOOL_CONVERSION = YES;
				CLANG_WARN_CONSTANT_CONVERSION = YES;
				CLANG_WARN_DIRECT_OBJC_ISA_USAGE = YES_ERROR;
				CLANG_WARN_EMPTY_BODY = YES;
				CLANG_WARN_ENUM_CONVERSION = YES;
				CLANG_WARN_INT_CONVERSION = YES;
				CLANG_WARN_OBJC_ROOT_CLASS = YES_ERROR;
				CLANG_WARN_UNREACHABLE_CODE = YES;
				CLANG_WARN__DUPLICATE_METHOD_MATCH = YES;
				CODE_SIGN_IDENTITY = "iPhone Developer: Jinghuang Liu (H4ZH7W6LU4)";
				"CODE_SIGN_IDENTITY[sdk=iphoneos*]" = "iPhone Developer: Jinghuang Liu (H4ZH7W6LU4)";
				COPY_PHASE_STRIP = NO;
				DEBUG_INFORMATION_FORMAT = "dwarf-with-dsym";
				ENABLE_BITCODE = NO;
				ENABLE_STRICT_OBJC_MSGSEND = YES;
				GCC_C_LANGUAGE_STANDARD = gnu99;
				GCC_DYNAMIC_NO_PIC = NO;
				GCC_NO_COMMON_BLOCKS = YES;
				GCC_OPTIMIZATION_LEVEL = 0;
				GCC_PREPROCESSOR_DEFINITIONS = (
					"DEBUG=1",
					"$(inherited)",
				);
				GCC_SYMBOLS_PRIVATE_EXTERN = NO;
				GCC_WARN_64_TO_32_BIT_CONVERSION = YES;
				GCC_WARN_ABOUT_RETURN_TYPE = YES_ERROR;
				GCC_WARN_UNDECLARED_SELECTOR = YES;
				GCC_WARN_UNINITIALIZED_AUTOS = YES_AGGRESSIVE;
				GCC_WARN_UNUSED_FUNCTION = YES;
				GCC_WARN_UNUSED_VARIABLE = YES;
				IPHONEOS_DEPLOYMENT_TARGET = 8.0;
				MTL_ENABLE_DEBUG_INFO = YES;
				ONLY_ACTIVE_ARCH = YES;
				SDKROOT = iphoneos;
				TARGETED_DEVICE_FAMILY = "1,2";
			};
			name = Debug;
		};
		D08BDA2D1B412A8400C73757 /* Release */ = {
			isa = XCBuildConfiguration;
			buildSettings = {
				ALWAYS_SEARCH_USER_PATHS = NO;
				CLANG_CXX_LANGUAGE_STANDARD = "gnu++0x";
				CLANG_CXX_LIBRARY = "libc++";
				CLANG_ENABLE_MODULES = YES;
				CLANG_ENABLE_OBJC_ARC = YES;
				CLANG_WARN_BOOL_CONVERSION = YES;
				CLANG_WARN_CONSTANT_CONVERSION = YES;
				CLANG_WARN_DIRECT_OBJC_ISA_USAGE = YES_ERROR;
				CLANG_WARN_EMPTY_BODY = YES;
				CLANG_WARN_ENUM_CONVERSION = YES;
				CLANG_WARN_INT_CONVERSION = YES;
				CLANG_WARN_OBJC_ROOT_CLASS = YES_ERROR;
				CLANG_WARN_UNREACHABLE_CODE = YES;
				CLANG_WARN__DUPLICATE_METHOD_MATCH = YES;
				CODE_SIGN_IDENTITY = "iPhone Developer: Jinghuang Liu (H4ZH7W6LU4)";
				"CODE_SIGN_IDENTITY[sdk=iphoneos*]" = "iPhone Developer: Jinghuang Liu (H4ZH7W6LU4)";
				COPY_PHASE_STRIP = NO;
				DEBUG_INFORMATION_FORMAT = "dwarf-with-dsym";
				ENABLE_BITCODE = NO;
				ENABLE_NS_ASSERTIONS = NO;
				ENABLE_STRICT_OBJC_MSGSEND = YES;
				GCC_C_LANGUAGE_STANDARD = gnu99;
				GCC_NO_COMMON_BLOCKS = YES;
				GCC_WARN_64_TO_32_BIT_CONVERSION = YES;
				GCC_WARN_ABOUT_RETURN_TYPE = YES_ERROR;
				GCC_WARN_UNDECLARED_SELECTOR = YES;
				GCC_WARN_UNINITIALIZED_AUTOS = YES_AGGRESSIVE;
				GCC_WARN_UNUSED_FUNCTION = YES;
				GCC_WARN_UNUSED_VARIABLE = YES;
				IPHONEOS_DEPLOYMENT_TARGET = 8.0;
				MTL_ENABLE_DEBUG_INFO = NO;
				SDKROOT = iphoneos;
				TARGETED_DEVICE_FAMILY = "1,2";
				VALIDATE_PRODUCT = YES;
			};
			name = Release;
		};
		D08BDA2F1B412A8400C73757 /* Debug */ = {
			isa = XCBuildConfiguration;
			buildSettings = {
				ASSETCATALOG_COMPILER_APPICON_NAME = AppIcon;
				CODE_SIGN_IDENTITY = "iPhone Developer: Jinghuang Liu (H4ZH7W6LU4)";
				"CODE_SIGN_IDENTITY[sdk=iphoneos*]" = "iPhone Developer";
				DEVELOPMENT_TEAM = 97DW55HLWV;
				ENABLE_BITCODE = NO;
				ENABLE_TESTABILITY = NO;
				FRAMEWORK_SEARCH_PATHS = (
					"$(inherited)",
					"$(SRCROOT)/../../ShareSDK/Support/PlatformSDK/QQSDK",
					"$(SRCROOT)/../../ShareSDK",
					"$(SRCROOT)/../../ShareSDK/Support/Required",
					"$(SRCROOT)/../../ShareSDK/Support/Optional",
					"$(SRCROOT)/../../ShareSDK/Support/PlatformSDK/RenRenSDK",
					"$(SRCROOT)/../../ShareSDK/Support/PlatformSDK/KaKaoSDK",
					"$(SRCROOT)/../../ShareSDK/Support/PlatformSDK/FacebookMessengerSDK",
					"$(SRCROOT)/../../ShareSDK/Support/PlatformConnector",
					"$(PROJECT_DIR)/SharingDemo",
					"$(SRCROOT)/../../ShareSDK/Support/PlatformSDK/DingTalkSDK",
					"$(SRCROOT)/../../ShareSDK/Support/PlatformSDK/MPShareSDK",
				);
				INFOPLIST_FILE = SharingDemo/Info.plist;
				IPHONEOS_DEPLOYMENT_TARGET = 6.0;
				LD_RUNPATH_SEARCH_PATHS = "$(inherited) @executable_path/Frameworks";
				LIBRARY_SEARCH_PATHS = (
					"$(inherited)",
					"$(SRCROOT)/../../ShareSDK/Support/PlatformSDK/APSocialSDK",
					"$(SRCROOT)/../../ShareSDK/Support/PlatformSDK/SinaWeiboSDK",
					"$(SRCROOT)/../../ShareSDK/Support/PlatformSDK/WeChatSDK",
					"$(SRCROOT)/../../ShareSDK/Support/PlatformSDK/YiXinSDK",
				);
				OTHER_LDFLAGS = "-ObjC";
				PRODUCT_NAME = "$(TARGET_NAME)";
				PROVISIONING_PROFILE = "";
				PROVISIONING_PROFILE_SPECIFIER = "";
			};
			name = Debug;
		};
		D08BDA301B412A8400C73757 /* Release */ = {
			isa = XCBuildConfiguration;
			buildSettings = {
				ASSETCATALOG_COMPILER_APPICON_NAME = AppIcon;
				CODE_SIGN_IDENTITY = "iPhone Developer: Jinghuang Liu (H4ZH7W6LU4)";
				"CODE_SIGN_IDENTITY[sdk=iphoneos*]" = "iPhone Developer";
				DEVELOPMENT_TEAM = 97DW55HLWV;
				ENABLE_BITCODE = NO;
				FRAMEWORK_SEARCH_PATHS = (
					"$(inherited)",
					"$(SRCROOT)/../../ShareSDK/Support/PlatformSDK/QQSDK",
					"$(SRCROOT)/../../ShareSDK",
					"$(SRCROOT)/../../ShareSDK/Support/Required",
					"$(SRCROOT)/../../ShareSDK/Support/Optional",
					"$(SRCROOT)/../../ShareSDK/Support/PlatformSDK/RenRenSDK",
					"$(SRCROOT)/../../ShareSDK/Support/PlatformSDK/KaKaoSDK",
					"$(SRCROOT)/../../ShareSDK/Support/PlatformSDK/FacebookMessengerSDK",
					"$(SRCROOT)/../../ShareSDK/Support/PlatformConnector",
					"$(PROJECT_DIR)/SharingDemo",
					"$(SRCROOT)/../../ShareSDK/Support/PlatformSDK/DingTalkSDK",
					"$(SRCROOT)/../../ShareSDK/Support/PlatformSDK/MPShareSDK",
				);
				INFOPLIST_FILE = SharingDemo/Info.plist;
				IPHONEOS_DEPLOYMENT_TARGET = 6.0;
				LD_RUNPATH_SEARCH_PATHS = "$(inherited) @executable_path/Frameworks";
				LIBRARY_SEARCH_PATHS = (
					"$(inherited)",
					"$(SRCROOT)/../../ShareSDK/Support/PlatformSDK/APSocialSDK",
					"$(SRCROOT)/../../ShareSDK/Support/PlatformSDK/SinaWeiboSDK",
					"$(SRCROOT)/../../ShareSDK/Support/PlatformSDK/WeChatSDK",
					"$(SRCROOT)/../../ShareSDK/Support/PlatformSDK/YiXinSDK",
				);
				OTHER_LDFLAGS = "-ObjC";
				PRODUCT_NAME = "$(TARGET_NAME)";
				PROVISIONING_PROFILE = "";
				PROVISIONING_PROFILE_SPECIFIER = "";
			};
			name = Release;
		};
/* End XCBuildConfiguration section */

/* Begin XCConfigurationList section */
		D08BDA061B412A8400C73757 /* Build configuration list for PBXProject "SharingDemo" */ = {
			isa = XCConfigurationList;
			buildConfigurations = (
				D08BDA2C1B412A8400C73757 /* Debug */,
				D08BDA2D1B412A8400C73757 /* Release */,
			);
			defaultConfigurationIsVisible = 0;
			defaultConfigurationName = Release;
		};
		D08BDA2E1B412A8400C73757 /* Build configuration list for PBXNativeTarget "SharingDemo" */ = {
			isa = XCConfigurationList;
			buildConfigurations = (
				D08BDA2F1B412A8400C73757 /* Debug */,
				D08BDA301B412A8400C73757 /* Release */,
			);
			defaultConfigurationIsVisible = 0;
			defaultConfigurationName = Release;
		};
/* End XCConfigurationList section */
	};
	rootObject = D08BDA031B412A8400C73757 /* Project object */;
}
