// !$*UTF8*$!
{
	archiveVersion = 1;
	classes = {
	};
	objectVersion = 46;
	objects = {

/* Begin PBXBuildFile section */
		4462270A1EE6640200E4CF7A /* libWeiboSDK.a in Frameworks */ = {isa = PBXBuildFile; fileRef = 446227041EE6640200E4CF7A /* libWeiboSDK.a */; };
		4462270B1EE6640200E4CF7A /* WeiboSDK.bundle in Resources */ = {isa = PBXBuildFile; fileRef = 446227081EE6640200E4CF7A /* WeiboSDK.bundle */; };
		449E4A9E1ED2DE1B007518C0 /* MOBFoundation.framework in Frameworks */ = {isa = PBXBuildFile; fileRef = 449E49B21ED2DE1B007518C0 /* MOBFoundation.framework */; };
		449E4AA61ED2DE1B007518C0 /* ShareSDK.framework in Frameworks */ = {isa = PBXBuildFile; fileRef = 449E49C01ED2DE1B007518C0 /* ShareSDK.framework */; };
		449E4AA71ED2DE1B007518C0 /* ShareSDKConfigFile.bundle in Resources */ = {isa = PBXBuildFile; fileRef = 449E49C31ED2DE1B007518C0 /* ShareSDKConfigFile.bundle */; };
		449E4AA81ED2DE1B007518C0 /* ShareSDKConfigFile.framework in Frameworks */ = {isa = PBXBuildFile; fileRef = 449E49C41ED2DE1B007518C0 /* ShareSDKConfigFile.framework */; };
		449E4AA91ED2DE1B007518C0 /* ShareSDKExtension.framework in Frameworks */ = {isa = PBXBuildFile; fileRef = 449E49C51ED2DE1B007518C0 /* ShareSDKExtension.framework */; };
		449E4AAA1ED2DE1B007518C0 /* ShareSDKUI.bundle in Resources */ = {isa = PBXBuildFile; fileRef = 449E49C61ED2DE1B007518C0 /* ShareSDKUI.bundle */; };
		449E4AAB1ED2DE1B007518C0 /* ShareSDKUI.framework in Frameworks */ = {isa = PBXBuildFile; fileRef = 449E49C71ED2DE1B007518C0 /* ShareSDKUI.framework */; };
		449E4AAC1ED2DE1B007518C0 /* AliPayConnector.framework in Frameworks */ = {isa = PBXBuildFile; fileRef = 449E49C91ED2DE1B007518C0 /* AliPayConnector.framework */; };
		449E4AAD1ED2DE1B007518C0 /* CopyConnector.framework in Frameworks */ = {isa = PBXBuildFile; fileRef = 449E49CA1ED2DE1B007518C0 /* CopyConnector.framework */; };
		449E4AAE1ED2DE1B007518C0 /* DingTalkConnector.framework in Frameworks */ = {isa = PBXBuildFile; fileRef = 449E49CB1ED2DE1B007518C0 /* DingTalkConnector.framework */; };
		449E4AAF1ED2DE1B007518C0 /* DropboxConnector.framework in Frameworks */ = {isa = PBXBuildFile; fileRef = 449E49CC1ED2DE1B007518C0 /* DropboxConnector.framework */; };
		449E4AB01ED2DE1B007518C0 /* EvernoteConnector.framework in Frameworks */ = {isa = PBXBuildFile; fileRef = 449E49CD1ED2DE1B007518C0 /* EvernoteConnector.framework */; };
		449E4AB11ED2DE1B007518C0 /* FacebookConnector.framework in Frameworks */ = {isa = PBXBuildFile; fileRef = 449E49CE1ED2DE1B007518C0 /* FacebookConnector.framework */; };
		449E4AB21ED2DE1B007518C0 /* GooglePlusConnector.framework in Frameworks */ = {isa = PBXBuildFile; fileRef = 449E49CF1ED2DE1B007518C0 /* GooglePlusConnector.framework */; };
		449E4AB31ED2DE1B007518C0 /* InstagramConnector.framework in Frameworks */ = {isa = PBXBuildFile; fileRef = 449E49D01ED2DE1B007518C0 /* InstagramConnector.framework */; };
		449E4AB41ED2DE1B007518C0 /* InstapaperConnector.framework in Frameworks */ = {isa = PBXBuildFile; fileRef = 449E49D11ED2DE1B007518C0 /* InstapaperConnector.framework */; };
		449E4AB51ED2DE1B007518C0 /* KakaoConnector.framework in Frameworks */ = {isa = PBXBuildFile; fileRef = 449E49D21ED2DE1B007518C0 /* KakaoConnector.framework */; };
		449E4AB61ED2DE1B007518C0 /* LineConnector.framework in Frameworks */ = {isa = PBXBuildFile; fileRef = 449E49D31ED2DE1B007518C0 /* LineConnector.framework */; };
		449E4AB71ED2DE1B007518C0 /* MailConnector.framework in Frameworks */ = {isa = PBXBuildFile; fileRef = 449E49D41ED2DE1B007518C0 /* MailConnector.framework */; };
		449E4AB81ED2DE1B007518C0 /* MeiPaiConnector.framework in Frameworks */ = {isa = PBXBuildFile; fileRef = 449E49D51ED2DE1B007518C0 /* MeiPaiConnector.framework */; };
		449E4AB91ED2DE1B007518C0 /* PrintConnector.framework in Frameworks */ = {isa = PBXBuildFile; fileRef = 449E49D61ED2DE1B007518C0 /* PrintConnector.framework */; };
		449E4ABA1ED2DE1B007518C0 /* QQConnector.framework in Frameworks */ = {isa = PBXBuildFile; fileRef = 449E49D71ED2DE1B007518C0 /* QQConnector.framework */; };
		449E4ABB1ED2DE1B007518C0 /* RenrenConnector.framework in Frameworks */ = {isa = PBXBuildFile; fileRef = 449E49D81ED2DE1B007518C0 /* RenrenConnector.framework */; };
		449E4ABC1ED2DE1B007518C0 /* SinaWeiboConnector.framework in Frameworks */ = {isa = PBXBuildFile; fileRef = 449E49D91ED2DE1B007518C0 /* SinaWeiboConnector.framework */; };
		449E4ABD1ED2DE1B007518C0 /* SMSConnector.framework in Frameworks */ = {isa = PBXBuildFile; fileRef = 449E49DA1ED2DE1B007518C0 /* SMSConnector.framework */; };
		449E4ABE1ED2DE1B007518C0 /* TwitterConnector.framework in Frameworks */ = {isa = PBXBuildFile; fileRef = 449E49DB1ED2DE1B007518C0 /* TwitterConnector.framework */; };
		449E4ABF1ED2DE1B007518C0 /* WechatConnector.framework in Frameworks */ = {isa = PBXBuildFile; fileRef = 449E49DC1ED2DE1B007518C0 /* WechatConnector.framework */; };
		449E4AC01ED2DE1B007518C0 /* WhatsAppConnector.framework in Frameworks */ = {isa = PBXBuildFile; fileRef = 449E49DD1ED2DE1B007518C0 /* WhatsAppConnector.framework */; };
		449E4AC11ED2DE1B007518C0 /* YiXinConnector.framework in Frameworks */ = {isa = PBXBuildFile; fileRef = 449E49DE1ED2DE1B007518C0 /* YiXinConnector.framework */; };
		449E4AC21ED2DE1B007518C0 /* YouTubeConnector.framework in Frameworks */ = {isa = PBXBuildFile; fileRef = 449E49DF1ED2DE1B007518C0 /* YouTubeConnector.framework */; };
		449E4ACC1ED2DE1B007518C0 /* TencentOpenAPI.framework in Frameworks */ = {isa = PBXBuildFile; fileRef = 449E49F31ED2DE1B007518C0 /* TencentOpenAPI.framework */; };
		449E4ACD1ED2DE1B007518C0 /* TencentOpenApi_IOS_Bundle.bundle in Resources */ = {isa = PBXBuildFile; fileRef = 449E49F41ED2DE1B007518C0 /* TencentOpenApi_IOS_Bundle.bundle */; };
		449E4AD21ED2DE1B007518C0 /* libWeChatSDK.a in Frameworks */ = {isa = PBXBuildFile; fileRef = 449E4A071ED2DE1B007518C0 /* libWeChatSDK.a */; };
		449E4AD31ED2DE1B007518C0 /* README.txt in Resources */ = {isa = PBXBuildFile; fileRef = 449E4A081ED2DE1B007518C0 /* README.txt */; };
		449E4AD51ED2DE1B007518C0 /* ShareSDK.bundle in Resources */ = {isa = PBXBuildFile; fileRef = 449E4A111ED2DE1B007518C0 /* ShareSDK.bundle */; };
		449E4AD61ED2DE1B007518C0 /* ShareSDKConnector.framework in Frameworks */ = {isa = PBXBuildFile; fileRef = 449E4A121ED2DE1B007518C0 /* ShareSDKConnector.framework */; };
		D07CF92B1B43C65F003CAD7A /* JavaScriptCore.framework in Frameworks */ = {isa = PBXBuildFile; fileRef = D07CF92A1B43C65F003CAD7A /* JavaScriptCore.framework */; };
		D08BD9FB1B40F54100C73757 /* libicucore.dylib in Frameworks */ = {isa = PBXBuildFile; fileRef = D08BD9FA1B40F54100C73757 /* libicucore.dylib */; };
		D08BD9FD1B40F54500C73757 /* libz.dylib in Frameworks */ = {isa = PBXBuildFile; fileRef = D08BD9FC1B40F54500C73757 /* libz.dylib */; };
		D08BD9FF1B40F54B00C73757 /* libstdc++.dylib in Frameworks */ = {isa = PBXBuildFile; fileRef = D08BD9FE1B40F54B00C73757 /* libstdc++.dylib */; };
		D0CD2ED11B40E3CB00089E2A /* main.m in Sources */ = {isa = PBXBuildFile; fileRef = D0CD2ED01B40E3CB00089E2A /* main.m */; };
		D0CD2ED41B40E3CB00089E2A /* AppDelegate.m in Sources */ = {isa = PBXBuildFile; fileRef = D0CD2ED31B40E3CB00089E2A /* AppDelegate.m */; };
		D0CD2ED71B40E3CB00089E2A /* ViewController.m in Sources */ = {isa = PBXBuildFile; fileRef = D0CD2ED61B40E3CB00089E2A /* ViewController.m */; };
		D0CD2EDA1B40E3CB00089E2A /* Main.storyboard in Resources */ = {isa = PBXBuildFile; fileRef = D0CD2ED81B40E3CB00089E2A /* Main.storyboard */; };
		D0CD2EDC1B40E3CB00089E2A /* Images.xcassets in Resources */ = {isa = PBXBuildFile; fileRef = D0CD2EDB1B40E3CB00089E2A /* Images.xcassets */; };
		D0CD2EDF1B40E3CB00089E2A /* LaunchScreen.xib in Resources */ = {isa = PBXBuildFile; fileRef = D0CD2EDD1B40E3CB00089E2A /* LaunchScreen.xib */; };
		DE0C35961BC66CC2007F2ED8 /* libsqlite3.dylib in Frameworks */ = {isa = PBXBuildFile; fileRef = DE0C35951BC66CC2007F2ED8 /* libsqlite3.dylib */; };
		DE748C901B68E26700CC1B4B /* shareImg.png in Resources */ = {isa = PBXBuildFile; fileRef = DE748C8F1B68E26700CC1B4B /* shareImg.png */; };
		DE7943501B58B9C500D266E8 /* Default-568h@2x.png in Resources */ = {isa = PBXBuildFile; fileRef = DE79434D1B58B9C500D266E8 /* Default-568h@2x.png */; };
		DE7943511B58B9C500D266E8 /* Default.png in Resources */ = {isa = PBXBuildFile; fileRef = DE79434E1B58B9C500D266E8 /* Default.png */; };
		DE7943521B58B9C500D266E8 /* Default@2x.png in Resources */ = {isa = PBXBuildFile; fileRef = DE79434F1B58B9C500D266E8 /* Default@2x.png */; };
		DE93BF411DB0E10C005549C6 /* SystemConfiguration.framework in Frameworks */ = {isa = PBXBuildFile; fileRef = DE93BF401DB0E10C005549C6 /* SystemConfiguration.framework */; };
		DE93BF431DB0E113005549C6 /* CoreTelephony.framework in Frameworks */ = {isa = PBXBuildFile; fileRef = DE93BF421DB0E113005549C6 /* CoreTelephony.framework */; };
		DE93BF451DB0E15E005549C6 /* ImageIO.framework in Frameworks */ = {isa = PBXBuildFile; fileRef = DE93BF441DB0E15E005549C6 /* ImageIO.framework */; };
/* End PBXBuildFile section */

/* Begin PBXFileReference section */
		446227041EE6640200E4CF7A /* libWeiboSDK.a */ = {isa = PBXFileReference; lastKnownFileType = archive.ar; path = libWeiboSDK.a; sourceTree = "<group>"; };
		446227051EE6640200E4CF7A /* WBHttpRequest+WeiboToken.h */ = {isa = PBXFileReference; fileEncoding = 4; lastKnownFileType = sourcecode.c.h; path = "WBHttpRequest+WeiboToken.h"; sourceTree = "<group>"; };
		446227061EE6640200E4CF7A /* WBHttpRequest.h */ = {isa = PBXFileReference; fileEncoding = 4; lastKnownFileType = sourcecode.c.h; path = WBHttpRequest.h; sourceTree = "<group>"; };
		446227071EE6640200E4CF7A /* WeiboSDK+Statistics.h */ = {isa = PBXFileReference; fileEncoding = 4; lastKnownFileType = sourcecode.c.h; path = "WeiboSDK+Statistics.h"; sourceTree = "<group>"; };
		446227081EE6640200E4CF7A /* WeiboSDK.bundle */ = {isa = PBXFileReference; lastKnownFileType = "wrapper.plug-in"; path = WeiboSDK.bundle; sourceTree = "<group>"; };
		446227091EE6640200E4CF7A /* WeiboSDK.h */ = {isa = PBXFileReference; fileEncoding = 4; lastKnownFileType = sourcecode.c.h; path = WeiboSDK.h; sourceTree = "<group>"; };
		449E49B21ED2DE1B007518C0 /* MOBFoundation.framework */ = {isa = PBXFileReference; lastKnownFileType = wrapper.framework; path = MOBFoundation.framework; sourceTree = "<group>"; };
		449E49C01ED2DE1B007518C0 /* ShareSDK.framework */ = {isa = PBXFileReference; lastKnownFileType = wrapper.framework; path = ShareSDK.framework; sourceTree = "<group>"; };
		449E49C31ED2DE1B007518C0 /* ShareSDKConfigFile.bundle */ = {isa = PBXFileReference; lastKnownFileType = "wrapper.plug-in"; path = ShareSDKConfigFile.bundle; sourceTree = "<group>"; };
		449E49C41ED2DE1B007518C0 /* ShareSDKConfigFile.framework */ = {isa = PBXFileReference; lastKnownFileType = wrapper.framework; path = ShareSDKConfigFile.framework; sourceTree = "<group>"; };
		449E49C51ED2DE1B007518C0 /* ShareSDKExtension.framework */ = {isa = PBXFileReference; lastKnownFileType = wrapper.framework; path = ShareSDKExtension.framework; sourceTree = "<group>"; };
		449E49C61ED2DE1B007518C0 /* ShareSDKUI.bundle */ = {isa = PBXFileReference; lastKnownFileType = "wrapper.plug-in"; path = ShareSDKUI.bundle; sourceTree = "<group>"; };
		449E49C71ED2DE1B007518C0 /* ShareSDKUI.framework */ = {isa = PBXFileReference; lastKnownFileType = wrapper.framework; path = ShareSDKUI.framework; sourceTree = "<group>"; };
		449E49C91ED2DE1B007518C0 /* AliPayConnector.framework */ = {isa = PBXFileReference; lastKnownFileType = wrapper.framework; path = AliPayConnector.framework; sourceTree = "<group>"; };
		449E49CA1ED2DE1B007518C0 /* CopyConnector.framework */ = {isa = PBXFileReference; lastKnownFileType = wrapper.framework; path = CopyConnector.framework; sourceTree = "<group>"; };
		449E49CB1ED2DE1B007518C0 /* DingTalkConnector.framework */ = {isa = PBXFileReference; lastKnownFileType = wrapper.framework; path = DingTalkConnector.framework; sourceTree = "<group>"; };
		449E49CC1ED2DE1B007518C0 /* DropboxConnector.framework */ = {isa = PBXFileReference; lastKnownFileType = wrapper.framework; path = DropboxConnector.framework; sourceTree = "<group>"; };
		449E49CD1ED2DE1B007518C0 /* EvernoteConnector.framework */ = {isa = PBXFileReference; lastKnownFileType = wrapper.framework; path = EvernoteConnector.framework; sourceTree = "<group>"; };
		449E49CE1ED2DE1B007518C0 /* FacebookConnector.framework */ = {isa = PBXFileReference; lastKnownFileType = wrapper.framework; path = FacebookConnector.framework; sourceTree = "<group>"; };
		449E49CF1ED2DE1B007518C0 /* GooglePlusConnector.framework */ = {isa = PBXFileReference; lastKnownFileType = wrapper.framework; path = GooglePlusConnector.framework; sourceTree = "<group>"; };
		449E49D01ED2DE1B007518C0 /* InstagramConnector.framework */ = {isa = PBXFileReference; lastKnownFileType = wrapper.framework; path = InstagramConnector.framework; sourceTree = "<group>"; };
		449E49D11ED2DE1B007518C0 /* InstapaperConnector.framework */ = {isa = PBXFileReference; lastKnownFileType = wrapper.framework; path = InstapaperConnector.framework; sourceTree = "<group>"; };
		449E49D21ED2DE1B007518C0 /* KakaoConnector.framework */ = {isa = PBXFileReference; lastKnownFileType = wrapper.framework; path = KakaoConnector.framework; sourceTree = "<group>"; };
		449E49D31ED2DE1B007518C0 /* LineConnector.framework */ = {isa = PBXFileReference; lastKnownFileType = wrapper.framework; path = LineConnector.framework; sourceTree = "<group>"; };
		449E49D41ED2DE1B007518C0 /* MailConnector.framework */ = {isa = PBXFileReference; lastKnownFileType = wrapper.framework; path = MailConnector.framework; sourceTree = "<group>"; };
		449E49D51ED2DE1B007518C0 /* MeiPaiConnector.framework */ = {isa = PBXFileReference; lastKnownFileType = wrapper.framework; path = MeiPaiConnector.framework; sourceTree = "<group>"; };
		449E49D61ED2DE1B007518C0 /* PrintConnector.framework */ = {isa = PBXFileReference; lastKnownFileType = wrapper.framework; path = PrintConnector.framework; sourceTree = "<group>"; };
		449E49D71ED2DE1B007518C0 /* QQConnector.framework */ = {isa = PBXFileReference; lastKnownFileType = wrapper.framework; path = QQConnector.framework; sourceTree = "<group>"; };
		449E49D81ED2DE1B007518C0 /* RenrenConnector.framework */ = {isa = PBXFileReference; lastKnownFileType = wrapper.framework; path = RenrenConnector.framework; sourceTree = "<group>"; };
		449E49D91ED2DE1B007518C0 /* SinaWeiboConnector.framework */ = {isa = PBXFileReference; lastKnownFileType = wrapper.framework; path = SinaWeiboConnector.framework; sourceTree = "<group>"; };
		449E49DA1ED2DE1B007518C0 /* SMSConnector.framework */ = {isa = PBXFileReference; lastKnownFileType = wrapper.framework; path = SMSConnector.framework; sourceTree = "<group>"; };
		449E49DB1ED2DE1B007518C0 /* TwitterConnector.framework */ = {isa = PBXFileReference; lastKnownFileType = wrapper.framework; path = TwitterConnector.framework; sourceTree = "<group>"; };
		449E49DC1ED2DE1B007518C0 /* WechatConnector.framework */ = {isa = PBXFileReference; lastKnownFileType = wrapper.framework; path = WechatConnector.framework; sourceTree = "<group>"; };
		449E49DD1ED2DE1B007518C0 /* WhatsAppConnector.framework */ = {isa = PBXFileReference; lastKnownFileType = wrapper.framework; path = WhatsAppConnector.framework; sourceTree = "<group>"; };
		449E49DE1ED2DE1B007518C0 /* YiXinConnector.framework */ = {isa = PBXFileReference; lastKnownFileType = wrapper.framework; path = YiXinConnector.framework; sourceTree = "<group>"; };
		449E49DF1ED2DE1B007518C0 /* YouTubeConnector.framework */ = {isa = PBXFileReference; lastKnownFileType = wrapper.framework; path = YouTubeConnector.framework; sourceTree = "<group>"; };
		449E49F31ED2DE1B007518C0 /* TencentOpenAPI.framework */ = {isa = PBXFileReference; lastKnownFileType = wrapper.framework; path = TencentOpenAPI.framework; sourceTree = "<group>"; };
		449E49F41ED2DE1B007518C0 /* TencentOpenApi_IOS_Bundle.bundle */ = {isa = PBXFileReference; lastKnownFileType = "wrapper.plug-in"; path = TencentOpenApi_IOS_Bundle.bundle; sourceTree = "<group>"; };
		449E4A071ED2DE1B007518C0 /* libWeChatSDK.a */ = {isa = PBXFileReference; lastKnownFileType = archive.ar; path = libWeChatSDK.a; sourceTree = "<group>"; };
		449E4A081ED2DE1B007518C0 /* README.txt */ = {isa = PBXFileReference; fileEncoding = 4; lastKnownFileType = text; path = README.txt; sourceTree = "<group>"; };
		449E4A091ED2DE1B007518C0 /* WechatAuthSDK.h */ = {isa = PBXFileReference; fileEncoding = 4; lastKnownFileType = sourcecode.c.h; path = WechatAuthSDK.h; sourceTree = "<group>"; };
		449E4A0A1ED2DE1B007518C0 /* WXApi.h */ = {isa = PBXFileReference; fileEncoding = 4; lastKnownFileType = sourcecode.c.h; path = WXApi.h; sourceTree = "<group>"; };
		449E4A0B1ED2DE1B007518C0 /* WXApiObject.h */ = {isa = PBXFileReference; fileEncoding = 4; lastKnownFileType = sourcecode.c.h; path = WXApiObject.h; sourceTree = "<group>"; };
		449E4A111ED2DE1B007518C0 /* ShareSDK.bundle */ = {isa = PBXFileReference; lastKnownFileType = "wrapper.plug-in"; path = ShareSDK.bundle; sourceTree = "<group>"; };
		449E4A121ED2DE1B007518C0 /* ShareSDKConnector.framework */ = {isa = PBXFileReference; lastKnownFileType = wrapper.framework; path = ShareSDKConnector.framework; sourceTree = "<group>"; };
		D07CF92A1B43C65F003CAD7A /* JavaScriptCore.framework */ = {isa = PBXFileReference; lastKnownFileType = wrapper.framework; name = JavaScriptCore.framework; path = System/Library/Frameworks/JavaScriptCore.framework; sourceTree = SDKROOT; };
		D08BD9FA1B40F54100C73757 /* libicucore.dylib */ = {isa = PBXFileReference; lastKnownFileType = "compiled.mach-o.dylib"; name = libicucore.dylib; path = usr/lib/libicucore.dylib; sourceTree = SDKROOT; };
		D08BD9FC1B40F54500C73757 /* libz.dylib */ = {isa = PBXFileReference; lastKnownFileType = "compiled.mach-o.dylib"; name = libz.dylib; path = usr/lib/libz.dylib; sourceTree = SDKROOT; };
		D08BD9FE1B40F54B00C73757 /* libstdc++.dylib */ = {isa = PBXFileReference; lastKnownFileType = "compiled.mach-o.dylib"; name = "libstdc++.dylib"; path = "usr/lib/libstdc++.dylib"; sourceTree = SDKROOT; };
		D08BDA001B40FDC400C73757 /* zh-Hans */ = {isa = PBXFileReference; lastKnownFileType = text.plist.strings; name = "zh-Hans"; path = "zh-Hans.lproj/Main.strings"; sourceTree = "<group>"; };
		D08BDA011B40FDC400C73757 /* zh-Hans */ = {isa = PBXFileReference; lastKnownFileType = text.plist.strings; name = "zh-Hans"; path = "zh-Hans.lproj/LaunchScreen.strings"; sourceTree = "<group>"; };
		D0CD2ECB1B40E3CB00089E2A /* IntegrationDemo.app */ = {isa = PBXFileReference; explicitFileType = wrapper.application; includeInIndex = 0; path = IntegrationDemo.app; sourceTree = BUILT_PRODUCTS_DIR; };
		D0CD2ECF1B40E3CB00089E2A /* Info.plist */ = {isa = PBXFileReference; lastKnownFileType = text.plist.xml; path = Info.plist; sourceTree = "<group>"; };
		D0CD2ED01B40E3CB00089E2A /* main.m */ = {isa = PBXFileReference; lastKnownFileType = sourcecode.c.objc; path = main.m; sourceTree = "<group>"; };
		D0CD2ED21B40E3CB00089E2A /* AppDelegate.h */ = {isa = PBXFileReference; lastKnownFileType = sourcecode.c.h; path = AppDelegate.h; sourceTree = "<group>"; };
		D0CD2ED31B40E3CB00089E2A /* AppDelegate.m */ = {isa = PBXFileReference; lastKnownFileType = sourcecode.c.objc; path = AppDelegate.m; sourceTree = "<group>"; };
		D0CD2ED51B40E3CB00089E2A /* ViewController.h */ = {isa = PBXFileReference; lastKnownFileType = sourcecode.c.h; path = ViewController.h; sourceTree = "<group>"; };
		D0CD2ED61B40E3CB00089E2A /* ViewController.m */ = {isa = PBXFileReference; lastKnownFileType = sourcecode.c.objc; path = ViewController.m; sourceTree = "<group>"; };
		D0CD2ED91B40E3CB00089E2A /* Base */ = {isa = PBXFileReference; lastKnownFileType = file.storyboard; name = Base; path = Base.lproj/Main.storyboard; sourceTree = "<group>"; };
		D0CD2EDB1B40E3CB00089E2A /* Images.xcassets */ = {isa = PBXFileReference; lastKnownFileType = folder.assetcatalog; path = Images.xcassets; sourceTree = "<group>"; };
		D0CD2EDE1B40E3CB00089E2A /* Base */ = {isa = PBXFileReference; lastKnownFileType = file.xib; name = Base; path = Base.lproj/LaunchScreen.xib; sourceTree = "<group>"; };
		DE0C35951BC66CC2007F2ED8 /* libsqlite3.dylib */ = {isa = PBXFileReference; lastKnownFileType = "compiled.mach-o.dylib"; name = libsqlite3.dylib; path = usr/lib/libsqlite3.dylib; sourceTree = SDKROOT; };
		DE28450D1B58E7BA00856CA9 /* en */ = {isa = PBXFileReference; lastKnownFileType = text.plist.strings; name = en; path = en.lproj/Main.strings; sourceTree = "<group>"; };
		DE28450E1B58E7BA00856CA9 /* en */ = {isa = PBXFileReference; lastKnownFileType = text.plist.strings; name = en; path = en.lproj/LaunchScreen.strings; sourceTree = "<group>"; };
		DE748C8F1B68E26700CC1B4B /* shareImg.png */ = {isa = PBXFileReference; lastKnownFileType = image.png; path = shareImg.png; sourceTree = "<group>"; };
		DE79434D1B58B9C500D266E8 /* Default-568h@2x.png */ = {isa = PBXFileReference; lastKnownFileType = image.png; path = "Default-568h@2x.png"; sourceTree = "<group>"; };
		DE79434E1B58B9C500D266E8 /* Default.png */ = {isa = PBXFileReference; lastKnownFileType = image.png; path = Default.png; sourceTree = "<group>"; };
		DE79434F1B58B9C500D266E8 /* Default@2x.png */ = {isa = PBXFileReference; lastKnownFileType = image.png; path = "Default@2x.png"; sourceTree = "<group>"; };
		DE93BF401DB0E10C005549C6 /* SystemConfiguration.framework */ = {isa = PBXFileReference; lastKnownFileType = wrapper.framework; name = SystemConfiguration.framework; path = System/Library/Frameworks/SystemConfiguration.framework; sourceTree = SDKROOT; };
		DE93BF421DB0E113005549C6 /* CoreTelephony.framework */ = {isa = PBXFileReference; lastKnownFileType = wrapper.framework; name = CoreTelephony.framework; path = System/Library/Frameworks/CoreTelephony.framework; sourceTree = SDKROOT; };
		DE93BF441DB0E15E005549C6 /* ImageIO.framework */ = {isa = PBXFileReference; lastKnownFileType = wrapper.framework; name = ImageIO.framework; path = System/Library/Frameworks/ImageIO.framework; sourceTree = SDKROOT; };
/* End PBXFileReference section */

/* Begin PBXFrameworksBuildPhase section */
		D0CD2EC81B40E3CB00089E2A /* Frameworks */ = {
			isa = PBXFrameworksBuildPhase;
			buildActionMask = 2147483647;
			files = (
				449E4AB91ED2DE1B007518C0 /* PrintConnector.framework in Frameworks */,
				449E4ABD1ED2DE1B007518C0 /* SMSConnector.framework in Frameworks */,
				449E4AC21ED2DE1B007518C0 /* YouTubeConnector.framework in Frameworks */,
				DE93BF451DB0E15E005549C6 /* ImageIO.framework in Frameworks */,
				449E4AD61ED2DE1B007518C0 /* ShareSDKConnector.framework in Frameworks */,
				449E4ABC1ED2DE1B007518C0 /* SinaWeiboConnector.framework in Frameworks */,
				449E4ABE1ED2DE1B007518C0 /* TwitterConnector.framework in Frameworks */,
				DE93BF431DB0E113005549C6 /* CoreTelephony.framework in Frameworks */,
				449E4AB31ED2DE1B007518C0 /* InstagramConnector.framework in Frameworks */,
				449E4AB11ED2DE1B007518C0 /* FacebookConnector.framework in Frameworks */,
				449E4AC01ED2DE1B007518C0 /* WhatsAppConnector.framework in Frameworks */,
				449E4AB71ED2DE1B007518C0 /* MailConnector.framework in Frameworks */,
				449E4ABA1ED2DE1B007518C0 /* QQConnector.framework in Frameworks */,
				449E4AA81ED2DE1B007518C0 /* ShareSDKConfigFile.framework in Frameworks */,
				449E4AC11ED2DE1B007518C0 /* YiXinConnector.framework in Frameworks */,
				449E4AAB1ED2DE1B007518C0 /* ShareSDKUI.framework in Frameworks */,
				DE93BF411DB0E10C005549C6 /* SystemConfiguration.framework in Frameworks */,
				449E4AB61ED2DE1B007518C0 /* LineConnector.framework in Frameworks */,
				449E4AAC1ED2DE1B007518C0 /* AliPayConnector.framework in Frameworks */,
				449E4AB81ED2DE1B007518C0 /* MeiPaiConnector.framework in Frameworks */,
				449E4AAE1ED2DE1B007518C0 /* DingTalkConnector.framework in Frameworks */,
				449E4ABB1ED2DE1B007518C0 /* RenrenConnector.framework in Frameworks */,
				449E4ACC1ED2DE1B007518C0 /* TencentOpenAPI.framework in Frameworks */,
				449E4AA91ED2DE1B007518C0 /* ShareSDKExtension.framework in Frameworks */,
				DE0C35961BC66CC2007F2ED8 /* libsqlite3.dylib in Frameworks */,
				449E4A9E1ED2DE1B007518C0 /* MOBFoundation.framework in Frameworks */,
				D07CF92B1B43C65F003CAD7A /* JavaScriptCore.framework in Frameworks */,
				449E4AD21ED2DE1B007518C0 /* libWeChatSDK.a in Frameworks */,
				D08BD9FF1B40F54B00C73757 /* libstdc++.dylib in Frameworks */,
				449E4AAD1ED2DE1B007518C0 /* CopyConnector.framework in Frameworks */,
				449E4AB21ED2DE1B007518C0 /* GooglePlusConnector.framework in Frameworks */,
				449E4AAF1ED2DE1B007518C0 /* DropboxConnector.framework in Frameworks */,
				449E4AB51ED2DE1B007518C0 /* KakaoConnector.framework in Frameworks */,
				449E4ABF1ED2DE1B007518C0 /* WechatConnector.framework in Frameworks */,
				D08BD9FD1B40F54500C73757 /* libz.dylib in Frameworks */,
				4462270A1EE6640200E4CF7A /* libWeiboSDK.a in Frameworks */,
				D08BD9FB1B40F54100C73757 /* libicucore.dylib in Frameworks */,
				449E4AB41ED2DE1B007518C0 /* InstapaperConnector.framework in Frameworks */,
				449E4AB01ED2DE1B007518C0 /* EvernoteConnector.framework in Frameworks */,
				449E4AA61ED2DE1B007518C0 /* ShareSDK.framework in Frameworks */,
			);
			runOnlyForDeploymentPostprocessing = 0;
		};
/* End PBXFrameworksBuildPhase section */

/* Begin PBXGroup section */
		446227031EE6640200E4CF7A /* SinaWeiboSDK */ = {
			isa = PBXGroup;
			children = (
				446227041EE6640200E4CF7A /* libWeiboSDK.a */,
				446227051EE6640200E4CF7A /* WBHttpRequest+WeiboToken.h */,
				446227061EE6640200E4CF7A /* WBHttpRequest.h */,
				446227071EE6640200E4CF7A /* WeiboSDK+Statistics.h */,
				446227081EE6640200E4CF7A /* WeiboSDK.bundle */,
				446227091EE6640200E4CF7A /* WeiboSDK.h */,
			);
			path = SinaWeiboSDK;
			sourceTree = "<group>";
		};
		449E48851ED2DE1B007518C0 /* SDK */ = {
			isa = PBXGroup;
			children = (
				449E49AF1ED2DE1B007518C0 /* Required */,
				449E49BF1ED2DE1B007518C0 /* ShareSDK */,
			);
			name = SDK;
			path = ../../../SDK;
			sourceTree = "<group>";
		};
		449E49AF1ED2DE1B007518C0 /* Required */ = {
			isa = PBXGroup;
			children = (
				449E49B21ED2DE1B007518C0 /* MOBFoundation.framework */,
			);
			path = Required;
			sourceTree = "<group>";
		};
		449E49BF1ED2DE1B007518C0 /* ShareSDK */ = {
			isa = PBXGroup;
			children = (
				449E49C01ED2DE1B007518C0 /* ShareSDK.framework */,
				449E49C11ED2DE1B007518C0 /* Support */,
			);
			path = ShareSDK;
			sourceTree = "<group>";
		};
		449E49C11ED2DE1B007518C0 /* Support */ = {
			isa = PBXGroup;
			children = (
				449E49C21ED2DE1B007518C0 /* Optional */,
				449E49C81ED2DE1B007518C0 /* PlatformConnector */,
				449E49E01ED2DE1B007518C0 /* PlatformSDK */,
				449E4A101ED2DE1B007518C0 /* Required */,
			);
			path = Support;
			sourceTree = "<group>";
		};
		449E49C21ED2DE1B007518C0 /* Optional */ = {
			isa = PBXGroup;
			children = (
				449E49C31ED2DE1B007518C0 /* ShareSDKConfigFile.bundle */,
				449E49C41ED2DE1B007518C0 /* ShareSDKConfigFile.framework */,
				449E49C51ED2DE1B007518C0 /* ShareSDKExtension.framework */,
				449E49C61ED2DE1B007518C0 /* ShareSDKUI.bundle */,
				449E49C71ED2DE1B007518C0 /* ShareSDKUI.framework */,
			);
			path = Optional;
			sourceTree = "<group>";
		};
		449E49C81ED2DE1B007518C0 /* PlatformConnector */ = {
			isa = PBXGroup;
			children = (
				449E49C91ED2DE1B007518C0 /* AliPayConnector.framework */,
				449E49CA1ED2DE1B007518C0 /* CopyConnector.framework */,
				449E49CB1ED2DE1B007518C0 /* DingTalkConnector.framework */,
				449E49CC1ED2DE1B007518C0 /* DropboxConnector.framework */,
				449E49CD1ED2DE1B007518C0 /* EvernoteConnector.framework */,
				449E49CE1ED2DE1B007518C0 /* FacebookConnector.framework */,
				449E49CF1ED2DE1B007518C0 /* GooglePlusConnector.framework */,
				449E49D01ED2DE1B007518C0 /* InstagramConnector.framework */,
				449E49D11ED2DE1B007518C0 /* InstapaperConnector.framework */,
				449E49D21ED2DE1B007518C0 /* KakaoConnector.framework */,
				449E49D31ED2DE1B007518C0 /* LineConnector.framework */,
				449E49D41ED2DE1B007518C0 /* MailConnector.framework */,
				449E49D51ED2DE1B007518C0 /* MeiPaiConnector.framework */,
				449E49D61ED2DE1B007518C0 /* PrintConnector.framework */,
				449E49D71ED2DE1B007518C0 /* QQConnector.framework */,
				449E49D81ED2DE1B007518C0 /* RenrenConnector.framework */,
				449E49D91ED2DE1B007518C0 /* SinaWeiboConnector.framework */,
				449E49DA1ED2DE1B007518C0 /* SMSConnector.framework */,
				449E49DB1ED2DE1B007518C0 /* TwitterConnector.framework */,
				449E49DC1ED2DE1B007518C0 /* WechatConnector.framework */,
				449E49DD1ED2DE1B007518C0 /* WhatsAppConnector.framework */,
				449E49DE1ED2DE1B007518C0 /* YiXinConnector.framework */,
				449E49DF1ED2DE1B007518C0 /* YouTubeConnector.framework */,
			);
			path = PlatformConnector;
			sourceTree = "<group>";
		};
		449E49E01ED2DE1B007518C0 /* PlatformSDK */ = {
			isa = PBXGroup;
			children = (
				446227031EE6640200E4CF7A /* SinaWeiboSDK */,
				449E49F21ED2DE1B007518C0 /* QQSDK */,
				449E4A061ED2DE1B007518C0 /* WeChatSDK */,
			);
			path = PlatformSDK;
			sourceTree = "<group>";
		};
		449E49F21ED2DE1B007518C0 /* QQSDK */ = {
			isa = PBXGroup;
			children = (
				449E49F31ED2DE1B007518C0 /* TencentOpenAPI.framework */,
				449E49F41ED2DE1B007518C0 /* TencentOpenApi_IOS_Bundle.bundle */,
			);
			path = QQSDK;
			sourceTree = "<group>";
		};
		449E4A061ED2DE1B007518C0 /* WeChatSDK */ = {
			isa = PBXGroup;
			children = (
				449E4A071ED2DE1B007518C0 /* libWeChatSDK.a */,
				449E4A081ED2DE1B007518C0 /* README.txt */,
				449E4A091ED2DE1B007518C0 /* WechatAuthSDK.h */,
				449E4A0A1ED2DE1B007518C0 /* WXApi.h */,
				449E4A0B1ED2DE1B007518C0 /* WXApiObject.h */,
			);
			path = WeChatSDK;
			sourceTree = "<group>";
		};
		449E4A101ED2DE1B007518C0 /* Required */ = {
			isa = PBXGroup;
			children = (
				449E4A111ED2DE1B007518C0 /* ShareSDK.bundle */,
				449E4A121ED2DE1B007518C0 /* ShareSDKConnector.framework */,
			);
			path = Required;
			sourceTree = "<group>";
		};
		D0CD2EC21B40E3CB00089E2A = {
			isa = PBXGroup;
			children = (
				449E48851ED2DE1B007518C0 /* SDK */,
				D0CD2ECD1B40E3CB00089E2A /* IntegrationDemo */,
				D0CD2ECC1B40E3CB00089E2A /* Products */,
			);
			sourceTree = "<group>";
		};
		D0CD2ECC1B40E3CB00089E2A /* Products */ = {
			isa = PBXGroup;
			children = (
				D0CD2ECB1B40E3CB00089E2A /* IntegrationDemo.app */,
			);
			name = Products;
			sourceTree = "<group>";
		};
		D0CD2ECD1B40E3CB00089E2A /* IntegrationDemo */ = {
			isa = PBXGroup;
			children = (
				D0CD2ED21B40E3CB00089E2A /* AppDelegate.h */,
				D0CD2ED31B40E3CB00089E2A /* AppDelegate.m */,
				D0CD2ED51B40E3CB00089E2A /* ViewController.h */,
				D0CD2ED61B40E3CB00089E2A /* ViewController.m */,
				D0CD2ECF1B40E3CB00089E2A /* Info.plist */,
				D0CD2ECE1B40E3CB00089E2A /* Supporting Files */,
			);
			path = IntegrationDemo;
			sourceTree = "<group>";
		};
		D0CD2ECE1B40E3CB00089E2A /* Supporting Files */ = {
			isa = PBXGroup;
			children = (
				DE93BF441DB0E15E005549C6 /* ImageIO.framework */,
				DE93BF421DB0E113005549C6 /* CoreTelephony.framework */,
				DE93BF401DB0E10C005549C6 /* SystemConfiguration.framework */,
				DE0C35951BC66CC2007F2ED8 /* libsqlite3.dylib */,
				DE748C8F1B68E26700CC1B4B /* shareImg.png */,
				D0CD2ED81B40E3CB00089E2A /* Main.storyboard */,
				D0CD2EDB1B40E3CB00089E2A /* Images.xcassets */,
				D0CD2EDD1B40E3CB00089E2A /* LaunchScreen.xib */,
				DE79434D1B58B9C500D266E8 /* Default-568h@2x.png */,
				DE79434E1B58B9C500D266E8 /* Default.png */,
				DE79434F1B58B9C500D266E8 /* Default@2x.png */,
				D07CF92A1B43C65F003CAD7A /* JavaScriptCore.framework */,
				D08BD9FE1B40F54B00C73757 /* libstdc++.dylib */,
				D08BD9FC1B40F54500C73757 /* libz.dylib */,
				D08BD9FA1B40F54100C73757 /* libicucore.dylib */,
				D0CD2ED01B40E3CB00089E2A /* main.m */,
			);
			name = "Supporting Files";
			sourceTree = "<group>";
		};
/* End PBXGroup section */

/* Begin PBXNativeTarget section */
		D0CD2ECA1B40E3CB00089E2A /* IntegrationDemo */ = {
			isa = PBXNativeTarget;
			buildConfigurationList = D0CD2EEE1B40E3CB00089E2A /* Build configuration list for PBXNativeTarget "IntegrationDemo" */;
			buildPhases = (
				D0CD2EC71B40E3CB00089E2A /* Sources */,
				D0CD2EC81B40E3CB00089E2A /* Frameworks */,
				D0CD2EC91B40E3CB00089E2A /* Resources */,
			);
			buildRules = (
			);
			dependencies = (
			);
			name = IntegrationDemo;
			productName = IntegrationDemo;
			productReference = D0CD2ECB1B40E3CB00089E2A /* IntegrationDemo.app */;
			productType = "com.apple.product-type.application";
		};
/* End PBXNativeTarget section */

/* Begin PBXProject section */
		D0CD2EC31B40E3CB00089E2A /* Project object */ = {
			isa = PBXProject;
			attributes = {
				LastUpgradeCheck = 0630;
				ORGANIZATIONNAME = mob;
				TargetAttributes = {
					D0CD2ECA1B40E3CB00089E2A = {
						CreatedOnToolsVersion = 6.3.1;
						DevelopmentTeam = Q87QUX3533;
					};
				};
			};
			buildConfigurationList = D0CD2EC61B40E3CB00089E2A /* Build configuration list for PBXProject "IntegrationDemo" */;
			compatibilityVersion = "Xcode 3.2";
			developmentRegion = English;
			hasScannedForEncodings = 0;
			knownRegions = (
				Base,
				en,
				"zh-Hans",
			);
			mainGroup = D0CD2EC21B40E3CB00089E2A;
			productRefGroup = D0CD2ECC1B40E3CB00089E2A /* Products */;
			projectDirPath = "";
			projectRoot = "";
			targets = (
				D0CD2ECA1B40E3CB00089E2A /* IntegrationDemo */,
			);
		};
/* End PBXProject section */

/* Begin PBXResourcesBuildPhase section */
		D0CD2EC91B40E3CB00089E2A /* Resources */ = {
			isa = PBXResourcesBuildPhase;
			buildActionMask = 2147483647;
			files = (
				DE7943511B58B9C500D266E8 /* Default.png in Resources */,
				449E4AAA1ED2DE1B007518C0 /* ShareSDKUI.bundle in Resources */,
				DE7943521B58B9C500D266E8 /* Default@2x.png in Resources */,
				449E4AA71ED2DE1B007518C0 /* ShareSDKConfigFile.bundle in Resources */,
				DE748C901B68E26700CC1B4B /* shareImg.png in Resources */,
				D0CD2EDA1B40E3CB00089E2A /* Main.storyboard in Resources */,
				D0CD2EDF1B40E3CB00089E2A /* LaunchScreen.xib in Resources */,
				449E4ACD1ED2DE1B007518C0 /* TencentOpenApi_IOS_Bundle.bundle in Resources */,
				DE7943501B58B9C500D266E8 /* Default-568h@2x.png in Resources */,
				4462270B1EE6640200E4CF7A /* WeiboSDK.bundle in Resources */,
				449E4AD31ED2DE1B007518C0 /* README.txt in Resources */,
				449E4AD51ED2DE1B007518C0 /* ShareSDK.bundle in Resources */,
				D0CD2EDC1B40E3CB00089E2A /* Images.xcassets in Resources */,
			);
			runOnlyForDeploymentPostprocessing = 0;
		};
/* End PBXResourcesBuildPhase section */

/* Begin PBXSourcesBuildPhase section */
		D0CD2EC71B40E3CB00089E2A /* Sources */ = {
			isa = PBXSourcesBuildPhase;
			buildActionMask = 2147483647;
			files = (
				D0CD2ED71B40E3CB00089E2A /* ViewController.m in Sources */,
				D0CD2ED41B40E3CB00089E2A /* AppDelegate.m in Sources */,
				D0CD2ED11B40E3CB00089E2A /* main.m in Sources */,
			);
			runOnlyForDeploymentPostprocessing = 0;
		};
/* End PBXSourcesBuildPhase section */

/* Begin PBXVariantGroup section */
		D0CD2ED81B40E3CB00089E2A /* Main.storyboard */ = {
			isa = PBXVariantGroup;
			children = (
				D0CD2ED91B40E3CB00089E2A /* Base */,
				D08BDA001B40FDC400C73757 /* zh-Hans */,
				DE28450D1B58E7BA00856CA9 /* en */,
			);
			name = Main.storyboard;
			sourceTree = "<group>";
		};
		D0CD2EDD1B40E3CB00089E2A /* LaunchScreen.xib */ = {
			isa = PBXVariantGroup;
			children = (
				D0CD2EDE1B40E3CB00089E2A /* Base */,
				D08BDA011B40FDC400C73757 /* zh-Hans */,
				DE28450E1B58E7BA00856CA9 /* en */,
			);
			name = LaunchScreen.xib;
			sourceTree = "<group>";
		};
/* End PBXVariantGroup section */

/* Begin XCBuildConfiguration section */
		D0CD2EEC1B40E3CB00089E2A /* Debug */ = {
			isa = XCBuildConfiguration;
			buildSettings = {
				ALWAYS_SEARCH_USER_PATHS = NO;
				CLANG_CXX_LANGUAGE_STANDARD = "gnu++0x";
				CLANG_CXX_LIBRARY = "libc++";
				CLANG_ENABLE_MODULES = YES;
				CLANG_ENABLE_OBJC_ARC = YES;
				CLANG_WARN_BOOL_CONVERSION = YES;
				CLANG_WARN_CONSTANT_CONVERSION = YES;
				CLANG_WARN_DIRECT_OBJC_ISA_USAGE = YES_ERROR;
				CLANG_WARN_EMPTY_BODY = YES;
				CLANG_WARN_ENUM_CONVERSION = YES;
				CLANG_WARN_INT_CONVERSION = YES;
				CLANG_WARN_OBJC_ROOT_CLASS = YES_ERROR;
				CLANG_WARN_UNREACHABLE_CODE = YES;
				CLANG_WARN__DUPLICATE_METHOD_MATCH = YES;
				"CODE_SIGN_IDENTITY[sdk=iphoneos*]" = "iPhone Developer";
				COPY_PHASE_STRIP = NO;
				DEBUG_INFORMATION_FORMAT = "dwarf-with-dsym";
				ENABLE_BITCODE = NO;
				ENABLE_STRICT_OBJC_MSGSEND = YES;
				GCC_C_LANGUAGE_STANDARD = gnu99;
				GCC_DYNAMIC_NO_PIC = NO;
				GCC_NO_COMMON_BLOCKS = YES;
				GCC_OPTIMIZATION_LEVEL = 0;
				GCC_PREPROCESSOR_DEFINITIONS = (
					"DEBUG=1",
					"$(inherited)",
				);
				GCC_SYMBOLS_PRIVATE_EXTERN = NO;
				GCC_WARN_64_TO_32_BIT_CONVERSION = YES;
				GCC_WARN_ABOUT_RETURN_TYPE = YES_ERROR;
				GCC_WARN_UNDECLARED_SELECTOR = YES;
				GCC_WARN_UNINITIALIZED_AUTOS = YES_AGGRESSIVE;
				GCC_WARN_UNUSED_FUNCTION = YES;
				GCC_WARN_UNUSED_VARIABLE = YES;
				IPHONEOS_DEPLOYMENT_TARGET = 8.0;
				MTL_ENABLE_DEBUG_INFO = YES;
				ONLY_ACTIVE_ARCH = YES;
				SDKROOT = iphoneos;
			};
			name = Debug;
		};
		D0CD2EED1B40E3CB00089E2A /* Release */ = {
			isa = XCBuildConfiguration;
			buildSettings = {
				ALWAYS_SEARCH_USER_PATHS = NO;
				CLANG_CXX_LANGUAGE_STANDARD = "gnu++0x";
				CLANG_CXX_LIBRARY = "libc++";
				CLANG_ENABLE_MODULES = YES;
				CLANG_ENABLE_OBJC_ARC = YES;
				CLANG_WARN_BOOL_CONVERSION = YES;
				CLANG_WARN_CONSTANT_CONVERSION = YES;
				CLANG_WARN_DIRECT_OBJC_ISA_USAGE = YES_ERROR;
				CLANG_WARN_EMPTY_BODY = YES;
				CLANG_WARN_ENUM_CONVERSION = YES;
				CLANG_WARN_INT_CONVERSION = YES;
				CLANG_WARN_OBJC_ROOT_CLASS = YES_ERROR;
				CLANG_WARN_UNREACHABLE_CODE = YES;
				CLANG_WARN__DUPLICATE_METHOD_MATCH = YES;
				"CODE_SIGN_IDENTITY[sdk=iphoneos*]" = "iPhone Developer";
				COPY_PHASE_STRIP = NO;
				DEBUG_INFORMATION_FORMAT = "dwarf-with-dsym";
				ENABLE_BITCODE = NO;
				ENABLE_NS_ASSERTIONS = NO;
				ENABLE_STRICT_OBJC_MSGSEND = YES;
				GCC_C_LANGUAGE_STANDARD = gnu99;
				GCC_NO_COMMON_BLOCKS = YES;
				GCC_WARN_64_TO_32_BIT_CONVERSION = YES;
				GCC_WARN_ABOUT_RETURN_TYPE = YES_ERROR;
				GCC_WARN_UNDECLARED_SELECTOR = YES;
				GCC_WARN_UNINITIALIZED_AUTOS = YES_AGGRESSIVE;
				GCC_WARN_UNUSED_FUNCTION = YES;
				GCC_WARN_UNUSED_VARIABLE = YES;
				IPHONEOS_DEPLOYMENT_TARGET = 8.0;
				MTL_ENABLE_DEBUG_INFO = NO;
				SDKROOT = iphoneos;
				VALIDATE_PRODUCT = YES;
			};
			name = Release;
		};
		D0CD2EEF1B40E3CB00089E2A /* Debug */ = {
			isa = XCBuildConfiguration;
			buildSettings = {
				ASSETCATALOG_COMPILER_APPICON_NAME = AppIcon;
				CODE_SIGN_IDENTITY = "";
				"CODE_SIGN_IDENTITY[sdk=iphoneos*]" = "iPhone Developer";
				FRAMEWORK_SEARCH_PATHS = (
					"$(inherited)",
					"$(SRCROOT)/../../../SDK/ShareSDK",
					"$(SRCROOT)/../../../SDK/ShareSDK/Support/Required",
					"$(SRCROOT)/../../../SDK/ShareSDK/Support/Optional",
					"$(SRCROOT)/../../../SDK/ShareSDK/Support/PlatformSDK/QQSDK",
					"$(SRCROOT)/../../../SDK/ShareSDK/Support/PlatformConnector",
					"$(SRCROOT)/../../../SDK/Required",
				);
				INFOPLIST_FILE = IntegrationDemo/Info.plist;
				IPHONEOS_DEPLOYMENT_TARGET = 6.0;
				LD_RUNPATH_SEARCH_PATHS = "$(inherited) @executable_path/Frameworks";
				LIBRARY_SEARCH_PATHS = (
					"$(inherited)",
					"$(SRCROOT)/../../../SDK/ShareSDK/Support/PlatformSDK/WeChatSDK",
					"$(SRCROOT)/../../../SDK/ShareSDK/Support/PlatformSDK/SinaWeiboSDK",
				);
				OTHER_LDFLAGS = "-ObjC";
				PRODUCT_NAME = "$(TARGET_NAME)";
				PROVISIONING_PROFILE = "";
				PROVISIONING_PROFILE_SPECIFIER = Q87QUX3533/MobProvisioningProfiles;
				TARGETED_DEVICE_FAMILY = "1,2";
			};
			name = Debug;
		};
		D0CD2EF01B40E3CB00089E2A /* Release */ = {
			isa = XCBuildConfiguration;
			buildSettings = {
				ASSETCATALOG_COMPILER_APPICON_NAME = AppIcon;
				CODE_SIGN_IDENTITY = "";
				"CODE_SIGN_IDENTITY[sdk=iphoneos*]" = "iPhone Developer";
				FRAMEWORK_SEARCH_PATHS = (
					"$(inherited)",
					"$(SRCROOT)/../../../SDK/ShareSDK",
					"$(SRCROOT)/../../../SDK/ShareSDK/Support/Required",
					"$(SRCROOT)/../../../SDK/ShareSDK/Support/Optional",
					"$(SRCROOT)/../../../SDK/ShareSDK/Support/PlatformSDK/QQSDK",
					"$(SRCROOT)/../../../SDK/ShareSDK/Support/PlatformConnector",
					"$(SRCROOT)/../../../SDK/Required",
				);
				INFOPLIST_FILE = IntegrationDemo/Info.plist;
				IPHONEOS_DEPLOYMENT_TARGET = 6.0;
				LD_RUNPATH_SEARCH_PATHS = "$(inherited) @executable_path/Frameworks";
				LIBRARY_SEARCH_PATHS = (
					"$(inherited)",
					"$(SRCROOT)/../../../SDK/ShareSDK/Support/PlatformSDK/WeChatSDK",
					"$(SRCROOT)/../../../SDK/ShareSDK/Support/PlatformSDK/SinaWeiboSDK",
				);
				OTHER_LDFLAGS = "-ObjC";
				PRODUCT_NAME = "$(TARGET_NAME)";
				PROVISIONING_PROFILE = "";
				PROVISIONING_PROFILE_SPECIFIER = Q87QUX3533/MobProvisioningProfiles;
				TARGETED_DEVICE_FAMILY = "1,2";
			};
			name = Release;
		};
/* End XCBuildConfiguration section */

/* Begin XCConfigurationList section */
		D0CD2EC61B40E3CB00089E2A /* Build configuration list for PBXProject "IntegrationDemo" */ = {
			isa = XCConfigurationList;
			buildConfigurations = (
				D0CD2EEC1B40E3CB00089E2A /* Debug */,
				D0CD2EED1B40E3CB00089E2A /* Release */,
			);
			defaultConfigurationIsVisible = 0;
			defaultConfigurationName = Release;
		};
		D0CD2EEE1B40E3CB00089E2A /* Build configuration list for PBXNativeTarget "IntegrationDemo" */ = {
			isa = XCConfigurationList;
			buildConfigurations = (
				D0CD2EEF1B40E3CB00089E2A /* Debug */,
				D0CD2EF01B40E3CB00089E2A /* Release */,
			);
			defaultConfigurationIsVisible = 0;
			defaultConfigurationName = Release;
		};
/* End XCConfigurationList section */
	};
	rootObject = D0CD2EC31B40E3CB00089E2A /* Project object */;
}
